
Microsoft Visual Studio Solution File, Format Version 12.00
# Visual Studio Version 17
VisualStudioVersion = 17.9.34723.18
MinimumVisualStudioVersion = 10.0.40219.1
Project("{9A19103F-16F7-4668-BE54-9A1E7A4F7556}") = "osu.Framework", "osu.Framework\osu.Framework.csproj", "{C76BF5B3-985E-4D39-95FE-97C9C879B83A}"
EndProject
Project("{9A19103F-16F7-4668-BE54-9A1E7A4F7556}") = "SampleGame", "SampleGame\SampleGame.csproj", "{2A66DD92-ADB1-4994-89E2-C94E04ACDA0D}"
EndProject
Project("{9A19103F-16F7-4668-BE54-9A1E7A4F7556}") = "osu.Framework.NativeLibs", "osu.Framework.NativeLibs\osu.Framework.NativeLibs.csproj", "{F853B4BB-CB83-4169-8FD2-72EEB4A88C32}"
EndProject
Project("{9A19103F-16F7-4668-BE54-9A1E7A4F7556}") = "osu.Framework.iOS", "osu.Framework.iOS\osu.Framework.iOS.csproj", "{BBC0D18F-8595-43A6-AE61-5BF36A072CCE}"
EndProject
Project("{2150E333-8FDC-42A3-9474-1A3956D46DE8}") = "Solution Items", "Solution Items", "{D29A2153-C171-457E-A147-720976BA430F}"
	ProjectSection(SolutionItems) = preProject
		.editorconfig = .editorconfig
		.globalconfig = .globalconfig
		Directory.Build.props = Directory.Build.props
		.config\dotnet-tools.json = .config\dotnet-tools.json
		CodeAnalysis\osu-framework.ruleset = CodeAnalysis\osu-framework.ruleset
		osu-framework.sln.DotSettings = osu-framework.sln.DotSettings
		osu.Framework.Android.props = osu.Framework.Android.props
		osu.Framework.iOS.props = osu.Framework.iOS.props
	EndProjectSection
EndProject
Project("{2150E333-8FDC-42A3-9474-1A3956D46DE8}") = "Templates", "Templates", "{454655D7-6244-47A2-A379-3D019FBD6DD2}"
EndProject
Project("{9A19103F-16F7-4668-BE54-9A1E7A4F7556}") = "TemplateGame.Game", "osu.Framework.Templates\templates\template-empty\TemplateGame.Game\TemplateGame.Game.csproj", "{6BEB95A6-0673-4AF5-892E-9146FF8B0948}"
EndProject
Project("{9A19103F-16F7-4668-BE54-9A1E7A4F7556}") = "TemplateGame.Resources", "osu.Framework.Templates\templates\template-empty\TemplateGame.Resources\TemplateGame.Resources.csproj", "{6E3EBF71-8664-49D7-BD0D-2B21B3EEC540}"
EndProject
Project("{2150E333-8FDC-42A3-9474-1A3956D46DE8}") = "Empty", "Empty", "{5307589D-87A1-459B-BBD2-1077AA25EB1E}"
EndProject
Project("{2150E333-8FDC-42A3-9474-1A3956D46DE8}") = "FlappyDon", "FlappyDon", "{139F6FAA-EF59-4ADC-A69B-33CA7D1C1D4E}"
EndProject
Project("{9A19103F-16F7-4668-BE54-9A1E7A4F7556}") = "FlappyDon.Resources", "osu.Framework.Templates\templates\template-flappy\FlappyDon.Resources\FlappyDon.Resources.csproj", "{4C728441-4C3D-4AE4-9C0F-EA91E2C70965}"
EndProject
Project("{9A19103F-16F7-4668-BE54-9A1E7A4F7556}") = "FlappyDon.Game", "osu.Framework.Templates\templates\template-flappy\FlappyDon.Game\FlappyDon.Game.csproj", "{7809CB42-8FED-4BB7-8C68-7638357B94A6}"
EndProject
Project("{2150E333-8FDC-42A3-9474-1A3956D46DE8}") = "CodeAnalysis", "CodeAnalysis", "{50334A1F-990D-45FA-A1FE-C92F1994D97B}"
	ProjectSection(SolutionItems) = preProject
		CodeAnalysis\BannedSymbols.txt = CodeAnalysis\BannedSymbols.txt
		CodeAnalysis\osu-framework.ruleset = CodeAnalysis\osu-framework.ruleset
	EndProjectSection
EndProject
Project("{FAE04EC0-301F-11D3-BF4B-00C04F79EFBC}") = "FlappyDon.iOS", "osu.Framework.Templates\templates\template-flappy\FlappyDon.iOS\FlappyDon.iOS.csproj", "{FA3E68D2-8F0C-4DE7-8EE7-EDF3CC8F09B2}"
EndProject
Project("{9A19103F-16F7-4668-BE54-9A1E7A4F7556}") = "osu.Framework.Tests.iOS", "osu.Framework.Tests.iOS\osu.Framework.Tests.iOS.csproj", "{FD7D129E-1B29-4383-A1C4-91FA0AA05D5B}"
EndProject
Project("{9A19103F-16F7-4668-BE54-9A1E7A4F7556}") = "SampleGame.iOS", "SampleGame.iOS\SampleGame.iOS.csproj", "{4DE98205-A690-44C1-B9DF-40D210E2BFD8}"
EndProject
Project("{9344BDBB-3E7F-41FC-A0DD-8665D75EE146}") = "TemplateGame.Desktop", "osu.Framework.Templates\templates\template-empty\TemplateGame.Desktop\TemplateGame.Desktop.csproj", "{FEDC7800-C837-42B3-BD2E-B4640777CEE3}"
EndProject
Project("{9344BDBB-3E7F-41FC-A0DD-8665D75EE146}") = "TemplateGame.Game.Tests", "osu.Framework.Templates\templates\template-empty\TemplateGame.Game.Tests\TemplateGame.Game.Tests.csproj", "{AB564E66-DA58-4AA3-9541-B8BC0D1637DE}"
EndProject
Project("{9344BDBB-3E7F-41FC-A0DD-8665D75EE146}") = "FlappyDon.Game.Tests", "osu.Framework.Templates\templates\template-flappy\FlappyDon.Game.Tests\FlappyDon.Game.Tests.csproj", "{AEC9B6ED-1FCA-4EA3-80E0-45D6590062DC}"
EndProject
Project("{9344BDBB-3E7F-41FC-A0DD-8665D75EE146}") = "FlappyDon.Desktop", "osu.Framework.Templates\templates\template-flappy\FlappyDon.Desktop\FlappyDon.Desktop.csproj", "{235D462D-1571-4E87-A264-5631C38E95C9}"
EndProject
Project("{9344BDBB-3E7F-41FC-A0DD-8665D75EE146}") = "FlappyDon.Android", "FlappyDon.Android\FlappyDon.Android.csproj", "{09E9158B-8440-485B-8FEC-E9EF8F7DC7DC}"
EndProject
Project("{9344BDBB-3E7F-41FC-A0DD-8665D75EE146}") = "osu.Framework.Templates", "osu.Framework.Templates\osu.Framework.Templates.csproj", "{FF6262F4-5F2D-48C2-87AE-DD30823862E1}"
EndProject
Project("{9344BDBB-3E7F-41FC-A0DD-8665D75EE146}") = "osu.Framework.Tests", "osu.Framework.Tests\osu.Framework.Tests.csproj", "{4C782B65-2E6B-4A78-B329-4CAD6EB9EE36}"
EndProject
Project("{9344BDBB-3E7F-41FC-A0DD-8665D75EE146}") = "SampleGame.Desktop", "SampleGame.Desktop\SampleGame.Desktop.csproj", "{DD4C1320-66F4-4564-A78F-8E08A822F0AF}"
EndProject
Project("{9344BDBB-3E7F-41FC-A0DD-8665D75EE146}") = "osu.Framework.Android", "osu.Framework.Android\osu.Framework.Android.csproj", "{5D9EB39B-539A-4F08-8F6B-6066ECFD7895}"
EndProject
Project("{9344BDBB-3E7F-41FC-A0DD-8665D75EE146}") = "SampleGame.Android", "SampleGame.Android\SampleGame.Android.csproj", "{6B3A8255-DCDA-4CC0-91D2-FBF7AB68D90B}"
EndProject
Project("{9344BDBB-3E7F-41FC-A0DD-8665D75EE146}") = "osu.Framework.Tests.Android", "osu.Framework.Tests.Android\osu.Framework.Tests.Android.csproj", "{07BCE24A-3A8E-43A8-8C1D-5B3C07C64FEF}"
EndProject
Project("{9344BDBB-3E7F-41FC-A0DD-8665D75EE146}") = "osu.Framework.Benchmarks", "osu.Framework.Benchmarks\osu.Framework.Benchmarks.csproj", "{4610868E-1E52-40E8-AEAF-05F9E9A1F34F}"
EndProject
Project("{9344BDBB-3E7F-41FC-A0DD-8665D75EE146}") = "osu.Framework.SourceGeneration", "osu.Framework.SourceGeneration\osu.Framework.SourceGeneration.csproj", "{73989922-C174-4098-85E4-67DAD9638B1D}"
EndProject
Project("{9344BDBB-3E7F-41FC-A0DD-8665D75EE146}") = "osu.Framework.SourceGeneration.Tests", "osu.Framework.SourceGeneration.Tests\osu.Framework.SourceGeneration.Tests.csproj", "{9736F9BF-740C-409D-A94D-21E11CC1963E}"
EndProject
Project("{FAE04EC0-301F-11D3-BF4B-00C04F79EFBC}") = "TemplateGame.iOS", "osu.Framework.Templates\templates\template-empty\TemplateGame.iOS\TemplateGame.iOS.csproj", "{B257ED96-895F-46E5-AD8E-9394710B201E}"
EndProject
Global
	GlobalSection(SolutionConfigurationPlatforms) = preSolution
		Debug|Any CPU = Debug|Any CPU
		Debug|iPhone = Debug|iPhone
		Debug|iPhoneSimulator = Debug|iPhoneSimulator
		Release|Any CPU = Release|Any CPU
		Release|iPhone = Release|iPhone
		Release|iPhoneSimulator = Release|iPhoneSimulator
	EndGlobalSection
	GlobalSection(ProjectConfigurationPlatforms) = postSolution
		{C76BF5B3-985E-4D39-95FE-97C9C879B83A}.Debug|Any CPU.ActiveCfg = Debug|Any CPU
		{C76BF5B3-985E-4D39-95FE-97C9C879B83A}.Debug|Any CPU.Build.0 = Debug|Any CPU
		{C76BF5B3-985E-4D39-95FE-97C9C879B83A}.Debug|iPhone.ActiveCfg = Debug|Any CPU
		{C76BF5B3-985E-4D39-95FE-97C9C879B83A}.Debug|iPhone.Build.0 = Debug|Any CPU
		{C76BF5B3-985E-4D39-95FE-97C9C879B83A}.Debug|iPhoneSimulator.ActiveCfg = Debug|Any CPU
		{C76BF5B3-985E-4D39-95FE-97C9C879B83A}.Debug|iPhoneSimulator.Build.0 = Debug|Any CPU
		{C76BF5B3-985E-4D39-95FE-97C9C879B83A}.Release|Any CPU.ActiveCfg = Release|Any CPU
		{C76BF5B3-985E-4D39-95FE-97C9C879B83A}.Release|Any CPU.Build.0 = Release|Any CPU
		{C76BF5B3-985E-4D39-95FE-97C9C879B83A}.Release|iPhone.ActiveCfg = Release|Any CPU
		{C76BF5B3-985E-4D39-95FE-97C9C879B83A}.Release|iPhone.Build.0 = Release|Any CPU
		{C76BF5B3-985E-4D39-95FE-97C9C879B83A}.Release|iPhoneSimulator.ActiveCfg = Release|Any CPU
		{C76BF5B3-985E-4D39-95FE-97C9C879B83A}.Release|iPhoneSimulator.Build.0 = Release|Any CPU
		{2A66DD92-ADB1-4994-89E2-C94E04ACDA0D}.Debug|Any CPU.ActiveCfg = Debug|Any CPU
		{2A66DD92-ADB1-4994-89E2-C94E04ACDA0D}.Debug|Any CPU.Build.0 = Debug|Any CPU
		{2A66DD92-ADB1-4994-89E2-C94E04ACDA0D}.Debug|iPhone.ActiveCfg = Debug|Any CPU
		{2A66DD92-ADB1-4994-89E2-C94E04ACDA0D}.Debug|iPhone.Build.0 = Debug|Any CPU
		{2A66DD92-ADB1-4994-89E2-C94E04ACDA0D}.Debug|iPhoneSimulator.ActiveCfg = Debug|Any CPU
		{2A66DD92-ADB1-4994-89E2-C94E04ACDA0D}.Debug|iPhoneSimulator.Build.0 = Debug|Any CPU
		{2A66DD92-ADB1-4994-89E2-C94E04ACDA0D}.Release|Any CPU.ActiveCfg = Release|Any CPU
		{2A66DD92-ADB1-4994-89E2-C94E04ACDA0D}.Release|Any CPU.Build.0 = Release|Any CPU
		{2A66DD92-ADB1-4994-89E2-C94E04ACDA0D}.Release|iPhone.ActiveCfg = Release|Any CPU
		{2A66DD92-ADB1-4994-89E2-C94E04ACDA0D}.Release|iPhone.Build.0 = Release|Any CPU
		{2A66DD92-ADB1-4994-89E2-C94E04ACDA0D}.Release|iPhoneSimulator.ActiveCfg = Release|Any CPU
		{2A66DD92-ADB1-4994-89E2-C94E04ACDA0D}.Release|iPhoneSimulator.Build.0 = Release|Any CPU
		{F853B4BB-CB83-4169-8FD2-72EEB4A88C32}.Debug|Any CPU.ActiveCfg = Debug|Any CPU
		{F853B4BB-CB83-4169-8FD2-72EEB4A88C32}.Debug|Any CPU.Build.0 = Debug|Any CPU
		{F853B4BB-CB83-4169-8FD2-72EEB4A88C32}.Debug|iPhone.ActiveCfg = Debug|Any CPU
		{F853B4BB-CB83-4169-8FD2-72EEB4A88C32}.Debug|iPhone.Build.0 = Debug|Any CPU
		{F853B4BB-CB83-4169-8FD2-72EEB4A88C32}.Debug|iPhoneSimulator.ActiveCfg = Debug|Any CPU
		{F853B4BB-CB83-4169-8FD2-72EEB4A88C32}.Debug|iPhoneSimulator.Build.0 = Debug|Any CPU
		{F853B4BB-CB83-4169-8FD2-72EEB4A88C32}.Release|Any CPU.ActiveCfg = Release|Any CPU
		{F853B4BB-CB83-4169-8FD2-72EEB4A88C32}.Release|Any CPU.Build.0 = Release|Any CPU
		{F853B4BB-CB83-4169-8FD2-72EEB4A88C32}.Release|iPhone.ActiveCfg = Release|Any CPU
		{F853B4BB-CB83-4169-8FD2-72EEB4A88C32}.Release|iPhone.Build.0 = Release|Any CPU
		{F853B4BB-CB83-4169-8FD2-72EEB4A88C32}.Release|iPhoneSimulator.ActiveCfg = Release|Any CPU
		{F853B4BB-CB83-4169-8FD2-72EEB4A88C32}.Release|iPhoneSimulator.Build.0 = Release|Any CPU
		{BBC0D18F-8595-43A6-AE61-5BF36A072CCE}.Debug|Any CPU.ActiveCfg = Debug|Any CPU
		{BBC0D18F-8595-43A6-AE61-5BF36A072CCE}.Debug|Any CPU.Build.0 = Debug|Any CPU
		{BBC0D18F-8595-43A6-AE61-5BF36A072CCE}.Debug|iPhone.ActiveCfg = Debug|Any CPU
		{BBC0D18F-8595-43A6-AE61-5BF36A072CCE}.Debug|iPhone.Build.0 = Debug|Any CPU
		{BBC0D18F-8595-43A6-AE61-5BF36A072CCE}.Debug|iPhoneSimulator.ActiveCfg = Debug|Any CPU
		{BBC0D18F-8595-43A6-AE61-5BF36A072CCE}.Debug|iPhoneSimulator.Build.0 = Debug|Any CPU
		{BBC0D18F-8595-43A6-AE61-5BF36A072CCE}.Release|Any CPU.ActiveCfg = Release|Any CPU
		{BBC0D18F-8595-43A6-AE61-5BF36A072CCE}.Release|Any CPU.Build.0 = Release|Any CPU
		{BBC0D18F-8595-43A6-AE61-5BF36A072CCE}.Release|iPhone.ActiveCfg = Release|Any CPU
		{BBC0D18F-8595-43A6-AE61-5BF36A072CCE}.Release|iPhone.Build.0 = Release|Any CPU
		{BBC0D18F-8595-43A6-AE61-5BF36A072CCE}.Release|iPhoneSimulator.ActiveCfg = Release|Any CPU
		{BBC0D18F-8595-43A6-AE61-5BF36A072CCE}.Release|iPhoneSimulator.Build.0 = Release|Any CPU
		{6BEB95A6-0673-4AF5-892E-9146FF8B0948}.Debug|Any CPU.ActiveCfg = Debug|Any CPU
		{6BEB95A6-0673-4AF5-892E-9146FF8B0948}.Debug|Any CPU.Build.0 = Debug|Any CPU
		{6BEB95A6-0673-4AF5-892E-9146FF8B0948}.Debug|iPhone.ActiveCfg = Debug|Any CPU
		{6BEB95A6-0673-4AF5-892E-9146FF8B0948}.Debug|iPhone.Build.0 = Debug|Any CPU
		{6BEB95A6-0673-4AF5-892E-9146FF8B0948}.Debug|iPhoneSimulator.ActiveCfg = Debug|Any CPU
		{6BEB95A6-0673-4AF5-892E-9146FF8B0948}.Debug|iPhoneSimulator.Build.0 = Debug|Any CPU
		{6BEB95A6-0673-4AF5-892E-9146FF8B0948}.Release|Any CPU.ActiveCfg = Release|Any CPU
		{6BEB95A6-0673-4AF5-892E-9146FF8B0948}.Release|Any CPU.Build.0 = Release|Any CPU
		{6BEB95A6-0673-4AF5-892E-9146FF8B0948}.Release|iPhone.ActiveCfg = Release|Any CPU
		{6BEB95A6-0673-4AF5-892E-9146FF8B0948}.Release|iPhone.Build.0 = Release|Any CPU
		{6BEB95A6-0673-4AF5-892E-9146FF8B0948}.Release|iPhoneSimulator.ActiveCfg = Release|Any CPU
		{6BEB95A6-0673-4AF5-892E-9146FF8B0948}.Release|iPhoneSimulator.Build.0 = Release|Any CPU
		{6E3EBF71-8664-49D7-BD0D-2B21B3EEC540}.Debug|Any CPU.ActiveCfg = Debug|Any CPU
		{6E3EBF71-8664-49D7-BD0D-2B21B3EEC540}.Debug|Any CPU.Build.0 = Debug|Any CPU
		{6E3EBF71-8664-49D7-BD0D-2B21B3EEC540}.Debug|iPhone.ActiveCfg = Debug|Any CPU
		{6E3EBF71-8664-49D7-BD0D-2B21B3EEC540}.Debug|iPhone.Build.0 = Debug|Any CPU
		{6E3EBF71-8664-49D7-BD0D-2B21B3EEC540}.Debug|iPhoneSimulator.ActiveCfg = Debug|Any CPU
		{6E3EBF71-8664-49D7-BD0D-2B21B3EEC540}.Debug|iPhoneSimulator.Build.0 = Debug|Any CPU
		{6E3EBF71-8664-49D7-BD0D-2B21B3EEC540}.Release|Any CPU.ActiveCfg = Release|Any CPU
		{6E3EBF71-8664-49D7-BD0D-2B21B3EEC540}.Release|Any CPU.Build.0 = Release|Any CPU
		{6E3EBF71-8664-49D7-BD0D-2B21B3EEC540}.Release|iPhone.ActiveCfg = Release|Any CPU
		{6E3EBF71-8664-49D7-BD0D-2B21B3EEC540}.Release|iPhone.Build.0 = Release|Any CPU
		{6E3EBF71-8664-49D7-BD0D-2B21B3EEC540}.Release|iPhoneSimulator.ActiveCfg = Release|Any CPU
		{6E3EBF71-8664-49D7-BD0D-2B21B3EEC540}.Release|iPhoneSimulator.Build.0 = Release|Any CPU
		{4C728441-4C3D-4AE4-9C0F-EA91E2C70965}.Debug|Any CPU.ActiveCfg = Debug|Any CPU
		{4C728441-4C3D-4AE4-9C0F-EA91E2C70965}.Debug|Any CPU.Build.0 = Debug|Any CPU
		{4C728441-4C3D-4AE4-9C0F-EA91E2C70965}.Debug|iPhone.ActiveCfg = Debug|Any CPU
		{4C728441-4C3D-4AE4-9C0F-EA91E2C70965}.Debug|iPhone.Build.0 = Debug|Any CPU
		{4C728441-4C3D-4AE4-9C0F-EA91E2C70965}.Debug|iPhoneSimulator.ActiveCfg = Debug|Any CPU
		{4C728441-4C3D-4AE4-9C0F-EA91E2C70965}.Debug|iPhoneSimulator.Build.0 = Debug|Any CPU
		{4C728441-4C3D-4AE4-9C0F-EA91E2C70965}.Release|Any CPU.ActiveCfg = Release|Any CPU
		{4C728441-4C3D-4AE4-9C0F-EA91E2C70965}.Release|Any CPU.Build.0 = Release|Any CPU
		{4C728441-4C3D-4AE4-9C0F-EA91E2C70965}.Release|iPhone.ActiveCfg = Release|Any CPU
		{4C728441-4C3D-4AE4-9C0F-EA91E2C70965}.Release|iPhone.Build.0 = Release|Any CPU
		{4C728441-4C3D-4AE4-9C0F-EA91E2C70965}.Release|iPhoneSimulator.ActiveCfg = Release|Any CPU
		{4C728441-4C3D-4AE4-9C0F-EA91E2C70965}.Release|iPhoneSimulator.Build.0 = Release|Any CPU
		{7809CB42-8FED-4BB7-8C68-7638357B94A6}.Debug|Any CPU.ActiveCfg = Debug|Any CPU
		{7809CB42-8FED-4BB7-8C68-7638357B94A6}.Debug|Any CPU.Build.0 = Debug|Any CPU
		{7809CB42-8FED-4BB7-8C68-7638357B94A6}.Debug|iPhone.ActiveCfg = Debug|Any CPU
		{7809CB42-8FED-4BB7-8C68-7638357B94A6}.Debug|iPhone.Build.0 = Debug|Any CPU
		{7809CB42-8FED-4BB7-8C68-7638357B94A6}.Debug|iPhoneSimulator.ActiveCfg = Debug|Any CPU
		{7809CB42-8FED-4BB7-8C68-7638357B94A6}.Debug|iPhoneSimulator.Build.0 = Debug|Any CPU
		{7809CB42-8FED-4BB7-8C68-7638357B94A6}.Release|Any CPU.ActiveCfg = Release|Any CPU
		{7809CB42-8FED-4BB7-8C68-7638357B94A6}.Release|Any CPU.Build.0 = Release|Any CPU
		{7809CB42-8FED-4BB7-8C68-7638357B94A6}.Release|iPhone.ActiveCfg = Release|Any CPU
		{7809CB42-8FED-4BB7-8C68-7638357B94A6}.Release|iPhone.Build.0 = Release|Any CPU
		{7809CB42-8FED-4BB7-8C68-7638357B94A6}.Release|iPhoneSimulator.ActiveCfg = Release|Any CPU
		{7809CB42-8FED-4BB7-8C68-7638357B94A6}.Release|iPhoneSimulator.Build.0 = Release|Any CPU
		{FA3E68D2-8F0C-4DE7-8EE7-EDF3CC8F09B2}.Debug|Any CPU.ActiveCfg = Debug|Any CPU
		{FA3E68D2-8F0C-4DE7-8EE7-EDF3CC8F09B2}.Debug|Any CPU.Build.0 = Debug|Any CPU
		{FA3E68D2-8F0C-4DE7-8EE7-EDF3CC8F09B2}.Debug|iPhone.ActiveCfg = Debug|Any CPU
		{FA3E68D2-8F0C-4DE7-8EE7-EDF3CC8F09B2}.Debug|iPhone.Build.0 = Debug|Any CPU
		{FA3E68D2-8F0C-4DE7-8EE7-EDF3CC8F09B2}.Debug|iPhoneSimulator.ActiveCfg = Debug|Any CPU
		{FA3E68D2-8F0C-4DE7-8EE7-EDF3CC8F09B2}.Debug|iPhoneSimulator.Build.0 = Debug|Any CPU
		{FA3E68D2-8F0C-4DE7-8EE7-EDF3CC8F09B2}.Release|Any CPU.ActiveCfg = Release|Any CPU
		{FA3E68D2-8F0C-4DE7-8EE7-EDF3CC8F09B2}.Release|Any CPU.Build.0 = Release|Any CPU
		{FA3E68D2-8F0C-4DE7-8EE7-EDF3CC8F09B2}.Release|iPhone.ActiveCfg = Release|Any CPU
		{FA3E68D2-8F0C-4DE7-8EE7-EDF3CC8F09B2}.Release|iPhone.Build.0 = Release|Any CPU
		{FA3E68D2-8F0C-4DE7-8EE7-EDF3CC8F09B2}.Release|iPhoneSimulator.ActiveCfg = Release|Any CPU
		{FA3E68D2-8F0C-4DE7-8EE7-EDF3CC8F09B2}.Release|iPhoneSimulator.Build.0 = Release|Any CPU
		{FD7D129E-1B29-4383-A1C4-91FA0AA05D5B}.Debug|Any CPU.ActiveCfg = Debug|Any CPU
		{FD7D129E-1B29-4383-A1C4-91FA0AA05D5B}.Debug|Any CPU.Build.0 = Debug|Any CPU
		{FD7D129E-1B29-4383-A1C4-91FA0AA05D5B}.Debug|iPhone.ActiveCfg = Debug|Any CPU
		{FD7D129E-1B29-4383-A1C4-91FA0AA05D5B}.Debug|iPhone.Build.0 = Debug|Any CPU
		{FD7D129E-1B29-4383-A1C4-91FA0AA05D5B}.Debug|iPhoneSimulator.ActiveCfg = Debug|Any CPU
		{FD7D129E-1B29-4383-A1C4-91FA0AA05D5B}.Debug|iPhoneSimulator.Build.0 = Debug|Any CPU
		{FD7D129E-1B29-4383-A1C4-91FA0AA05D5B}.Release|Any CPU.ActiveCfg = Release|Any CPU
		{FD7D129E-1B29-4383-A1C4-91FA0AA05D5B}.Release|Any CPU.Build.0 = Release|Any CPU
		{FD7D129E-1B29-4383-A1C4-91FA0AA05D5B}.Release|iPhone.ActiveCfg = Release|Any CPU
		{FD7D129E-1B29-4383-A1C4-91FA0AA05D5B}.Release|iPhone.Build.0 = Release|Any CPU
		{FD7D129E-1B29-4383-A1C4-91FA0AA05D5B}.Release|iPhoneSimulator.ActiveCfg = Release|Any CPU
		{FD7D129E-1B29-4383-A1C4-91FA0AA05D5B}.Release|iPhoneSimulator.Build.0 = Release|Any CPU
		{4DE98205-A690-44C1-B9DF-40D210E2BFD8}.Debug|Any CPU.ActiveCfg = Debug|Any CPU
		{4DE98205-A690-44C1-B9DF-40D210E2BFD8}.Debug|Any CPU.Build.0 = Debug|Any CPU
		{4DE98205-A690-44C1-B9DF-40D210E2BFD8}.Debug|iPhone.ActiveCfg = Debug|Any CPU
		{4DE98205-A690-44C1-B9DF-40D210E2BFD8}.Debug|iPhone.Build.0 = Debug|Any CPU
		{4DE98205-A690-44C1-B9DF-40D210E2BFD8}.Debug|iPhoneSimulator.ActiveCfg = Debug|Any CPU
		{4DE98205-A690-44C1-B9DF-40D210E2BFD8}.Debug|iPhoneSimulator.Build.0 = Debug|Any CPU
		{4DE98205-A690-44C1-B9DF-40D210E2BFD8}.Release|Any CPU.ActiveCfg = Release|Any CPU
		{4DE98205-A690-44C1-B9DF-40D210E2BFD8}.Release|Any CPU.Build.0 = Release|Any CPU
		{4DE98205-A690-44C1-B9DF-40D210E2BFD8}.Release|iPhone.ActiveCfg = Release|Any CPU
		{4DE98205-A690-44C1-B9DF-40D210E2BFD8}.Release|iPhone.Build.0 = Release|Any CPU
		{4DE98205-A690-44C1-B9DF-40D210E2BFD8}.Release|iPhoneSimulator.ActiveCfg = Release|Any CPU
		{4DE98205-A690-44C1-B9DF-40D210E2BFD8}.Release|iPhoneSimulator.Build.0 = Release|Any CPU
		{FEDC7800-C837-42B3-BD2E-B4640777CEE3}.Debug|Any CPU.ActiveCfg = Debug|Any CPU
		{FEDC7800-C837-42B3-BD2E-B4640777CEE3}.Debug|Any CPU.Build.0 = Debug|Any CPU
		{FEDC7800-C837-42B3-BD2E-B4640777CEE3}.Debug|iPhone.ActiveCfg = Debug|Any CPU
		{FEDC7800-C837-42B3-BD2E-B4640777CEE3}.Debug|iPhone.Build.0 = Debug|Any CPU
		{FEDC7800-C837-42B3-BD2E-B4640777CEE3}.Debug|iPhoneSimulator.ActiveCfg = Debug|Any CPU
		{FEDC7800-C837-42B3-BD2E-B4640777CEE3}.Debug|iPhoneSimulator.Build.0 = Debug|Any CPU
		{FEDC7800-C837-42B3-BD2E-B4640777CEE3}.Release|Any CPU.ActiveCfg = Release|Any CPU
		{FEDC7800-C837-42B3-BD2E-B4640777CEE3}.Release|Any CPU.Build.0 = Release|Any CPU
		{FEDC7800-C837-42B3-BD2E-B4640777CEE3}.Release|iPhone.ActiveCfg = Release|Any CPU
		{FEDC7800-C837-42B3-BD2E-B4640777CEE3}.Release|iPhone.Build.0 = Release|Any CPU
		{FEDC7800-C837-42B3-BD2E-B4640777CEE3}.Release|iPhoneSimulator.ActiveCfg = Release|Any CPU
		{FEDC7800-C837-42B3-BD2E-B4640777CEE3}.Release|iPhoneSimulator.Build.0 = Release|Any CPU
		{AB564E66-DA58-4AA3-9541-B8BC0D1637DE}.Debug|Any CPU.ActiveCfg = Debug|Any CPU
		{AB564E66-DA58-4AA3-9541-B8BC0D1637DE}.Debug|Any CPU.Build.0 = Debug|Any CPU
		{AB564E66-DA58-4AA3-9541-B8BC0D1637DE}.Debug|iPhone.ActiveCfg = Debug|Any CPU
		{AB564E66-DA58-4AA3-9541-B8BC0D1637DE}.Debug|iPhone.Build.0 = Debug|Any CPU
		{AB564E66-DA58-4AA3-9541-B8BC0D1637DE}.Debug|iPhoneSimulator.ActiveCfg = Debug|Any CPU
		{AB564E66-DA58-4AA3-9541-B8BC0D1637DE}.Debug|iPhoneSimulator.Build.0 = Debug|Any CPU
		{AB564E66-DA58-4AA3-9541-B8BC0D1637DE}.Release|Any CPU.ActiveCfg = Release|Any CPU
		{AB564E66-DA58-4AA3-9541-B8BC0D1637DE}.Release|Any CPU.Build.0 = Release|Any CPU
		{AB564E66-DA58-4AA3-9541-B8BC0D1637DE}.Release|iPhone.ActiveCfg = Release|Any CPU
		{AB564E66-DA58-4AA3-9541-B8BC0D1637DE}.Release|iPhone.Build.0 = Release|Any CPU
		{AB564E66-DA58-4AA3-9541-B8BC0D1637DE}.Release|iPhoneSimulator.ActiveCfg = Release|Any CPU
		{AB564E66-DA58-4AA3-9541-B8BC0D1637DE}.Release|iPhoneSimulator.Build.0 = Release|Any CPU
		{AEC9B6ED-1FCA-4EA3-80E0-45D6590062DC}.Debug|Any CPU.ActiveCfg = Debug|Any CPU
		{AEC9B6ED-1FCA-4EA3-80E0-45D6590062DC}.Debug|Any CPU.Build.0 = Debug|Any CPU
		{AEC9B6ED-1FCA-4EA3-80E0-45D6590062DC}.Debug|iPhone.ActiveCfg = Debug|Any CPU
		{AEC9B6ED-1FCA-4EA3-80E0-45D6590062DC}.Debug|iPhone.Build.0 = Debug|Any CPU
		{AEC9B6ED-1FCA-4EA3-80E0-45D6590062DC}.Debug|iPhoneSimulator.ActiveCfg = Debug|Any CPU
		{AEC9B6ED-1FCA-4EA3-80E0-45D6590062DC}.Debug|iPhoneSimulator.Build.0 = Debug|Any CPU
		{AEC9B6ED-1FCA-4EA3-80E0-45D6590062DC}.Release|Any CPU.ActiveCfg = Release|Any CPU
		{AEC9B6ED-1FCA-4EA3-80E0-45D6590062DC}.Release|Any CPU.Build.0 = Release|Any CPU
		{AEC9B6ED-1FCA-4EA3-80E0-45D6590062DC}.Release|iPhone.ActiveCfg = Release|Any CPU
		{AEC9B6ED-1FCA-4EA3-80E0-45D6590062DC}.Release|iPhone.Build.0 = Release|Any CPU
		{AEC9B6ED-1FCA-4EA3-80E0-45D6590062DC}.Release|iPhoneSimulator.ActiveCfg = Release|Any CPU
		{AEC9B6ED-1FCA-4EA3-80E0-45D6590062DC}.Release|iPhoneSimulator.Build.0 = Release|Any CPU
		{235D462D-1571-4E87-A264-5631C38E95C9}.Debug|Any CPU.ActiveCfg = Debug|Any CPU
		{235D462D-1571-4E87-A264-5631C38E95C9}.Debug|Any CPU.Build.0 = Debug|Any CPU
		{235D462D-1571-4E87-A264-5631C38E95C9}.Debug|iPhone.ActiveCfg = Debug|Any CPU
		{235D462D-1571-4E87-A264-5631C38E95C9}.Debug|iPhone.Build.0 = Debug|Any CPU
		{235D462D-1571-4E87-A264-5631C38E95C9}.Debug|iPhoneSimulator.ActiveCfg = Debug|Any CPU
		{235D462D-1571-4E87-A264-5631C38E95C9}.Debug|iPhoneSimulator.Build.0 = Debug|Any CPU
		{235D462D-1571-4E87-A264-5631C38E95C9}.Release|Any CPU.ActiveCfg = Release|Any CPU
		{235D462D-1571-4E87-A264-5631C38E95C9}.Release|Any CPU.Build.0 = Release|Any CPU
		{235D462D-1571-4E87-A264-5631C38E95C9}.Release|iPhone.ActiveCfg = Release|Any CPU
		{235D462D-1571-4E87-A264-5631C38E95C9}.Release|iPhone.Build.0 = Release|Any CPU
		{235D462D-1571-4E87-A264-5631C38E95C9}.Release|iPhoneSimulator.ActiveCfg = Release|Any CPU
		{235D462D-1571-4E87-A264-5631C38E95C9}.Release|iPhoneSimulator.Build.0 = Release|Any CPU
		{09E9158B-8440-485B-8FEC-E9EF8F7DC7DC}.Debug|Any CPU.ActiveCfg = Debug|Any CPU
		{09E9158B-8440-485B-8FEC-E9EF8F7DC7DC}.Debug|Any CPU.Build.0 = Debug|Any CPU
		{09E9158B-8440-485B-8FEC-E9EF8F7DC7DC}.Debug|Any CPU.Deploy.0 = Debug|Any CPU
		{09E9158B-8440-485B-8FEC-E9EF8F7DC7DC}.Debug|iPhone.ActiveCfg = Debug|Any CPU
		{09E9158B-8440-485B-8FEC-E9EF8F7DC7DC}.Debug|iPhone.Build.0 = Debug|Any CPU
		{09E9158B-8440-485B-8FEC-E9EF8F7DC7DC}.Debug|iPhone.Deploy.0 = Debug|Any CPU
		{09E9158B-8440-485B-8FEC-E9EF8F7DC7DC}.Debug|iPhoneSimulator.ActiveCfg = Debug|Any CPU
		{09E9158B-8440-485B-8FEC-E9EF8F7DC7DC}.Debug|iPhoneSimulator.Build.0 = Debug|Any CPU
		{09E9158B-8440-485B-8FEC-E9EF8F7DC7DC}.Debug|iPhoneSimulator.Deploy.0 = Debug|Any CPU
		{09E9158B-8440-485B-8FEC-E9EF8F7DC7DC}.Release|Any CPU.ActiveCfg = Release|Any CPU
		{09E9158B-8440-485B-8FEC-E9EF8F7DC7DC}.Release|Any CPU.Build.0 = Release|Any CPU
		{09E9158B-8440-485B-8FEC-E9EF8F7DC7DC}.Release|Any CPU.Deploy.0 = Release|Any CPU
		{09E9158B-8440-485B-8FEC-E9EF8F7DC7DC}.Release|iPhone.ActiveCfg = Release|Any CPU
		{09E9158B-8440-485B-8FEC-E9EF8F7DC7DC}.Release|iPhone.Build.0 = Release|Any CPU
		{09E9158B-8440-485B-8FEC-E9EF8F7DC7DC}.Release|iPhone.Deploy.0 = Release|Any CPU
		{09E9158B-8440-485B-8FEC-E9EF8F7DC7DC}.Release|iPhoneSimulator.ActiveCfg = Release|Any CPU
		{09E9158B-8440-485B-8FEC-E9EF8F7DC7DC}.Release|iPhoneSimulator.Build.0 = Release|Any CPU
		{09E9158B-8440-485B-8FEC-E9EF8F7DC7DC}.Release|iPhoneSimulator.Deploy.0 = Release|Any CPU
		{FF6262F4-5F2D-48C2-87AE-DD30823862E1}.Debug|Any CPU.ActiveCfg = Debug|Any CPU
		{FF6262F4-5F2D-48C2-87AE-DD30823862E1}.Debug|Any CPU.Build.0 = Debug|Any CPU
		{FF6262F4-5F2D-48C2-87AE-DD30823862E1}.Debug|iPhone.ActiveCfg = Debug|Any CPU
		{FF6262F4-5F2D-48C2-87AE-DD30823862E1}.Debug|iPhoneSimulator.ActiveCfg = Debug|Any CPU
		{FF6262F4-5F2D-48C2-87AE-DD30823862E1}.Release|Any CPU.ActiveCfg = Release|Any CPU
		{FF6262F4-5F2D-48C2-87AE-DD30823862E1}.Release|Any CPU.Build.0 = Release|Any CPU
		{FF6262F4-5F2D-48C2-87AE-DD30823862E1}.Release|iPhone.ActiveCfg = Release|Any CPU
		{FF6262F4-5F2D-48C2-87AE-DD30823862E1}.Release|iPhoneSimulator.ActiveCfg = Release|Any CPU
		{4C782B65-2E6B-4A78-B329-4CAD6EB9EE36}.Debug|Any CPU.ActiveCfg = Debug|Any CPU
		{4C782B65-2E6B-4A78-B329-4CAD6EB9EE36}.Debug|Any CPU.Build.0 = Debug|Any CPU
		{4C782B65-2E6B-4A78-B329-4CAD6EB9EE36}.Debug|iPhone.ActiveCfg = Debug|Any CPU
		{4C782B65-2E6B-4A78-B329-4CAD6EB9EE36}.Debug|iPhone.Build.0 = Debug|Any CPU
		{4C782B65-2E6B-4A78-B329-4CAD6EB9EE36}.Debug|iPhoneSimulator.ActiveCfg = Debug|Any CPU
		{4C782B65-2E6B-4A78-B329-4CAD6EB9EE36}.Debug|iPhoneSimulator.Build.0 = Debug|Any CPU
		{4C782B65-2E6B-4A78-B329-4CAD6EB9EE36}.Release|Any CPU.ActiveCfg = Release|Any CPU
		{4C782B65-2E6B-4A78-B329-4CAD6EB9EE36}.Release|Any CPU.Build.0 = Release|Any CPU
		{4C782B65-2E6B-4A78-B329-4CAD6EB9EE36}.Release|iPhone.ActiveCfg = Release|Any CPU
		{4C782B65-2E6B-4A78-B329-4CAD6EB9EE36}.Release|iPhone.Build.0 = Release|Any CPU
		{4C782B65-2E6B-4A78-B329-4CAD6EB9EE36}.Release|iPhoneSimulator.ActiveCfg = Release|Any CPU
		{4C782B65-2E6B-4A78-B329-4CAD6EB9EE36}.Release|iPhoneSimulator.Build.0 = Release|Any CPU
		{DD4C1320-66F4-4564-A78F-8E08A822F0AF}.Debug|Any CPU.ActiveCfg = Debug|Any CPU
		{DD4C1320-66F4-4564-A78F-8E08A822F0AF}.Debug|Any CPU.Build.0 = Debug|Any CPU
		{DD4C1320-66F4-4564-A78F-8E08A822F0AF}.Debug|iPhone.ActiveCfg = Debug|Any CPU
		{DD4C1320-66F4-4564-A78F-8E08A822F0AF}.Debug|iPhone.Build.0 = Debug|Any CPU
		{DD4C1320-66F4-4564-A78F-8E08A822F0AF}.Debug|iPhoneSimulator.ActiveCfg = Debug|Any CPU
		{DD4C1320-66F4-4564-A78F-8E08A822F0AF}.Debug|iPhoneSimulator.Build.0 = Debug|Any CPU
		{DD4C1320-66F4-4564-A78F-8E08A822F0AF}.Release|Any CPU.ActiveCfg = Release|Any CPU
		{DD4C1320-66F4-4564-A78F-8E08A822F0AF}.Release|Any CPU.Build.0 = Release|Any CPU
		{DD4C1320-66F4-4564-A78F-8E08A822F0AF}.Release|iPhone.ActiveCfg = Release|Any CPU
		{DD4C1320-66F4-4564-A78F-8E08A822F0AF}.Release|iPhone.Build.0 = Release|Any CPU
		{DD4C1320-66F4-4564-A78F-8E08A822F0AF}.Release|iPhoneSimulator.ActiveCfg = Release|Any CPU
		{DD4C1320-66F4-4564-A78F-8E08A822F0AF}.Release|iPhoneSimulator.Build.0 = Release|Any CPU
		{5D9EB39B-539A-4F08-8F6B-6066ECFD7895}.Debug|Any CPU.ActiveCfg = Debug|Any CPU
		{5D9EB39B-539A-4F08-8F6B-6066ECFD7895}.Debug|Any CPU.Build.0 = Debug|Any CPU
		{5D9EB39B-539A-4F08-8F6B-6066ECFD7895}.Debug|iPhone.ActiveCfg = Debug|Any CPU
		{5D9EB39B-539A-4F08-8F6B-6066ECFD7895}.Debug|iPhone.Build.0 = Debug|Any CPU
		{5D9EB39B-539A-4F08-8F6B-6066ECFD7895}.Debug|iPhoneSimulator.ActiveCfg = Debug|Any CPU
		{5D9EB39B-539A-4F08-8F6B-6066ECFD7895}.Debug|iPhoneSimulator.Build.0 = Debug|Any CPU
		{5D9EB39B-539A-4F08-8F6B-6066ECFD7895}.Release|Any CPU.ActiveCfg = Release|Any CPU
		{5D9EB39B-539A-4F08-8F6B-6066ECFD7895}.Release|Any CPU.Build.0 = Release|Any CPU
		{5D9EB39B-539A-4F08-8F6B-6066ECFD7895}.Release|iPhone.ActiveCfg = Release|Any CPU
		{5D9EB39B-539A-4F08-8F6B-6066ECFD7895}.Release|iPhone.Build.0 = Release|Any CPU
		{5D9EB39B-539A-4F08-8F6B-6066ECFD7895}.Release|iPhoneSimulator.ActiveCfg = Release|Any CPU
		{5D9EB39B-539A-4F08-8F6B-6066ECFD7895}.Release|iPhoneSimulator.Build.0 = Release|Any CPU
		{6B3A8255-DCDA-4CC0-91D2-FBF7AB68D90B}.Debug|Any CPU.ActiveCfg = Debug|Any CPU
		{6B3A8255-DCDA-4CC0-91D2-FBF7AB68D90B}.Debug|Any CPU.Build.0 = Debug|Any CPU
		{6B3A8255-DCDA-4CC0-91D2-FBF7AB68D90B}.Debug|Any CPU.Deploy.0 = Debug|Any CPU
		{6B3A8255-DCDA-4CC0-91D2-FBF7AB68D90B}.Debug|iPhone.ActiveCfg = Debug|Any CPU
		{6B3A8255-DCDA-4CC0-91D2-FBF7AB68D90B}.Debug|iPhoneSimulator.ActiveCfg = Debug|Any CPU
		{6B3A8255-DCDA-4CC0-91D2-FBF7AB68D90B}.Release|Any CPU.ActiveCfg = Release|Any CPU
		{6B3A8255-DCDA-4CC0-91D2-FBF7AB68D90B}.Release|Any CPU.Build.0 = Release|Any CPU
		{6B3A8255-DCDA-4CC0-91D2-FBF7AB68D90B}.Release|Any CPU.Deploy.0 = Release|Any CPU
		{6B3A8255-DCDA-4CC0-91D2-FBF7AB68D90B}.Release|iPhone.ActiveCfg = Release|Any CPU
		{6B3A8255-DCDA-4CC0-91D2-FBF7AB68D90B}.Release|iPhoneSimulator.ActiveCfg = Release|Any CPU
		{07BCE24A-3A8E-43A8-8C1D-5B3C07C64FEF}.Debug|Any CPU.ActiveCfg = Debug|Any CPU
		{07BCE24A-3A8E-43A8-8C1D-5B3C07C64FEF}.Debug|Any CPU.Build.0 = Debug|Any CPU
		{07BCE24A-3A8E-43A8-8C1D-5B3C07C64FEF}.Debug|Any CPU.Deploy.0 = Debug|Any CPU
		{07BCE24A-3A8E-43A8-8C1D-5B3C07C64FEF}.Debug|iPhone.ActiveCfg = Debug|Any CPU
		{07BCE24A-3A8E-43A8-8C1D-5B3C07C64FEF}.Debug|iPhoneSimulator.ActiveCfg = Debug|Any CPU
		{07BCE24A-3A8E-43A8-8C1D-5B3C07C64FEF}.Release|Any CPU.ActiveCfg = Release|Any CPU
		{07BCE24A-3A8E-43A8-8C1D-5B3C07C64FEF}.Release|Any CPU.Build.0 = Release|Any CPU
		{07BCE24A-3A8E-43A8-8C1D-5B3C07C64FEF}.Release|Any CPU.Deploy.0 = Release|Any CPU
		{07BCE24A-3A8E-43A8-8C1D-5B3C07C64FEF}.Release|iPhone.ActiveCfg = Release|Any CPU
		{07BCE24A-3A8E-43A8-8C1D-5B3C07C64FEF}.Release|iPhoneSimulator.ActiveCfg = Release|Any CPU
		{4610868E-1E52-40E8-AEAF-05F9E9A1F34F}.Debug|Any CPU.ActiveCfg = Debug|Any CPU
		{4610868E-1E52-40E8-AEAF-05F9E9A1F34F}.Debug|Any CPU.Build.0 = Debug|Any CPU
		{4610868E-1E52-40E8-AEAF-05F9E9A1F34F}.Debug|iPhone.ActiveCfg = Debug|Any CPU
		{4610868E-1E52-40E8-AEAF-05F9E9A1F34F}.Debug|iPhone.Build.0 = Debug|Any CPU
		{4610868E-1E52-40E8-AEAF-05F9E9A1F34F}.Debug|iPhoneSimulator.ActiveCfg = Debug|Any CPU
		{4610868E-1E52-40E8-AEAF-05F9E9A1F34F}.Debug|iPhoneSimulator.Build.0 = Debug|Any CPU
		{4610868E-1E52-40E8-AEAF-05F9E9A1F34F}.Release|Any CPU.ActiveCfg = Release|Any CPU
		{4610868E-1E52-40E8-AEAF-05F9E9A1F34F}.Release|Any CPU.Build.0 = Release|Any CPU
		{4610868E-1E52-40E8-AEAF-05F9E9A1F34F}.Release|iPhone.ActiveCfg = Release|Any CPU
		{4610868E-1E52-40E8-AEAF-05F9E9A1F34F}.Release|iPhone.Build.0 = Release|Any CPU
		{4610868E-1E52-40E8-AEAF-05F9E9A1F34F}.Release|iPhoneSimulator.ActiveCfg = Release|Any CPU
		{4610868E-1E52-40E8-AEAF-05F9E9A1F34F}.Release|iPhoneSimulator.Build.0 = Release|Any CPU
		{73989922-C174-4098-85E4-67DAD9638B1D}.Debug|Any CPU.ActiveCfg = Debug|Any CPU
		{73989922-C174-4098-85E4-67DAD9638B1D}.Debug|Any CPU.Build.0 = Debug|Any CPU
		{73989922-C174-4098-85E4-67DAD9638B1D}.Debug|iPhone.ActiveCfg = Debug|Any CPU
		{73989922-C174-4098-85E4-67DAD9638B1D}.Debug|iPhone.Build.0 = Debug|Any CPU
		{73989922-C174-4098-85E4-67DAD9638B1D}.Debug|iPhoneSimulator.ActiveCfg = Debug|Any CPU
		{73989922-C174-4098-85E4-67DAD9638B1D}.Debug|iPhoneSimulator.Build.0 = Debug|Any CPU
		{73989922-C174-4098-85E4-67DAD9638B1D}.Release|Any CPU.ActiveCfg = Release|Any CPU
		{73989922-C174-4098-85E4-67DAD9638B1D}.Release|Any CPU.Build.0 = Release|Any CPU
		{73989922-C174-4098-85E4-67DAD9638B1D}.Release|iPhone.ActiveCfg = Release|Any CPU
		{73989922-C174-4098-85E4-67DAD9638B1D}.Release|iPhone.Build.0 = Release|Any CPU
		{73989922-C174-4098-85E4-67DAD9638B1D}.Release|iPhoneSimulator.ActiveCfg = Release|Any CPU
		{73989922-C174-4098-85E4-67DAD9638B1D}.Release|iPhoneSimulator.Build.0 = Release|Any CPU
		{9736F9BF-740C-409D-A94D-21E11CC1963E}.Debug|Any CPU.ActiveCfg = Debug|Any CPU
		{9736F9BF-740C-409D-A94D-21E11CC1963E}.Debug|Any CPU.Build.0 = Debug|Any CPU
		{9736F9BF-740C-409D-A94D-21E11CC1963E}.Debug|iPhone.ActiveCfg = Debug|Any CPU
		{9736F9BF-740C-409D-A94D-21E11CC1963E}.Debug|iPhone.Build.0 = Debug|Any CPU
		{9736F9BF-740C-409D-A94D-21E11CC1963E}.Debug|iPhoneSimulator.ActiveCfg = Debug|Any CPU
		{9736F9BF-740C-409D-A94D-21E11CC1963E}.Debug|iPhoneSimulator.Build.0 = Debug|Any CPU
		{9736F9BF-740C-409D-A94D-21E11CC1963E}.Release|Any CPU.ActiveCfg = Release|Any CPU
		{9736F9BF-740C-409D-A94D-21E11CC1963E}.Release|Any CPU.Build.0 = Release|Any CPU
		{9736F9BF-740C-409D-A94D-21E11CC1963E}.Release|iPhone.ActiveCfg = Release|Any CPU
		{9736F9BF-740C-409D-A94D-21E11CC1963E}.Release|iPhone.Build.0 = Release|Any CPU
		{9736F9BF-740C-409D-A94D-21E11CC1963E}.Release|iPhoneSimulator.ActiveCfg = Release|Any CPU
		{9736F9BF-740C-409D-A94D-21E11CC1963E}.Release|iPhoneSimulator.Build.0 = Release|Any CPU
		{B257ED96-895F-46E5-AD8E-9394710B201E}.Debug|Any CPU.ActiveCfg = Debug|Any CPU
		{B257ED96-895F-46E5-AD8E-9394710B201E}.Debug|Any CPU.Build.0 = Debug|Any CPU
		{B257ED96-895F-46E5-AD8E-9394710B201E}.Debug|iPhone.ActiveCfg = Debug|Any CPU
		{B257ED96-895F-46E5-AD8E-9394710B201E}.Debug|iPhone.Build.0 = Debug|Any CPU
		{B257ED96-895F-46E5-AD8E-9394710B201E}.Debug|iPhoneSimulator.ActiveCfg = Debug|Any CPU
		{B257ED96-895F-46E5-AD8E-9394710B201E}.Debug|iPhoneSimulator.Build.0 = Debug|Any CPU
		{B257ED96-895F-46E5-AD8E-9394710B201E}.Release|Any CPU.ActiveCfg = Release|Any CPU
		{B257ED96-895F-46E5-AD8E-9394710B201E}.Release|Any CPU.Build.0 = Release|Any CPU
		{B257ED96-895F-46E5-AD8E-9394710B201E}.Release|iPhone.ActiveCfg = Release|Any CPU
		{B257ED96-895F-46E5-AD8E-9394710B201E}.Release|iPhone.Build.0 = Release|Any CPU
		{B257ED96-895F-46E5-AD8E-9394710B201E}.Release|iPhoneSimulator.ActiveCfg = Release|Any CPU
		{B257ED96-895F-46E5-AD8E-9394710B201E}.Release|iPhoneSimulator.Build.0 = Release|Any CPU
	EndGlobalSection
	GlobalSection(SolutionProperties) = preSolution
		HideSolutionNode = FALSE
	EndGlobalSection
	GlobalSection(NestedProjects) = preSolution
		{6BEB95A6-0673-4AF5-892E-9146FF8B0948} = {5307589D-87A1-459B-BBD2-1077AA25EB1E}
		{6E3EBF71-8664-49D7-BD0D-2B21B3EEC540} = {5307589D-87A1-459B-BBD2-1077AA25EB1E}
		{5307589D-87A1-459B-BBD2-1077AA25EB1E} = {454655D7-6244-47A2-A379-3D019FBD6DD2}
		{139F6FAA-EF59-4ADC-A69B-33CA7D1C1D4E} = {454655D7-6244-47A2-A379-3D019FBD6DD2}
		{4C728441-4C3D-4AE4-9C0F-EA91E2C70965} = {139F6FAA-EF59-4ADC-A69B-33CA7D1C1D4E}
		{7809CB42-8FED-4BB7-8C68-7638357B94A6} = {139F6FAA-EF59-4ADC-A69B-33CA7D1C1D4E}
		{50334A1F-990D-45FA-A1FE-C92F1994D97B} = {D29A2153-C171-457E-A147-720976BA430F}
		{FA3E68D2-8F0C-4DE7-8EE7-EDF3CC8F09B2} = {139F6FAA-EF59-4ADC-A69B-33CA7D1C1D4E}
		{FF6262F4-5F2D-48C2-87AE-DD30823862E1} = {454655D7-6244-47A2-A379-3D019FBD6DD2}
		{FEDC7800-C837-42B3-BD2E-B4640777CEE3} = {5307589D-87A1-459B-BBD2-1077AA25EB1E}
		{AB564E66-DA58-4AA3-9541-B8BC0D1637DE} = {5307589D-87A1-459B-BBD2-1077AA25EB1E}
		{AEC9B6ED-1FCA-4EA3-80E0-45D6590062DC} = {139F6FAA-EF59-4ADC-A69B-33CA7D1C1D4E}
		{235D462D-1571-4E87-A264-5631C38E95C9} = {139F6FAA-EF59-4ADC-A69B-33CA7D1C1D4E}
		{09E9158B-8440-485B-8FEC-E9EF8F7DC7DC} = {139F6FAA-EF59-4ADC-A69B-33CA7D1C1D4E}
		{B257ED96-895F-46E5-AD8E-9394710B201E} = {5307589D-87A1-459B-BBD2-1077AA25EB1E}
	EndGlobalSection
	GlobalSection(ExtensibilityGlobals) = postSolution
		SolutionGuid = {27D12E10-E38E-4ECE-8DD1-77E8C387B2DD}
	EndGlobalSection
EndGlobal
