
Microsoft Visual Studio Solution File, Format Version 12.00
# Visual Studio Version 17
VisualStudioVersion = 17.9.34723.18
MinimumVisualStudioVersion = 10.0.40219.1
Project("{9A19103F-16F7-4668-BE54-9A1E7A4F7556}") = "osu.Framework", "osu.Framework\osu.Framework.csproj", "{C76BF5B3-985E-4D39-95FE-97C9C879B83A}"
EndProject
Project("{9A19103F-16F7-4668-BE54-9A1E7A4F7556}") = "SampleGame", "SampleGame\SampleGame.csproj", "{2A66DD92-ADB1-4994-89E2-C94E04ACDA0D}"
EndProject
Project("{9A19103F-16F7-4668-BE54-9A1E7A4F7556}") = "osu.Framework.NativeLibs", "osu.Framework.NativeLibs\osu.Framework.NativeLibs.csproj", "{F853B4BB-CB83-4169-8FD2-72EEB4A88C32}"
EndProject
Project("{2150E333-8FDC-42A3-9474-1A3956D46DE8}") = "Solution Items", "Solution Items", "{D29A2153-C171-457E-A147-720976BA430F}"
	ProjectSection(SolutionItems) = preProject
		.editorconfig = .editorconfig
		.globalconfig = .globalconfig
		Directory.Build.props = Directory.Build.props
		.config\dotnet-tools.json = .config\dotnet-tools.json
		CodeAnalysis\osu-framework.ruleset = CodeAnalysis\osu-framework.ruleset
		osu-framework.sln.DotSettings = osu-framework.sln.DotSettings
		osu.Framework.Android.props = osu.Framework.Android.props
		osu.Framework.iOS.props = osu.Framework.iOS.props
	EndProjectSection
EndProject
Project("{2150E333-8FDC-42A3-9474-1A3956D46DE8}") = "Templates", "Templates", "{454655D7-6244-47A2-A379-3D019FBD6DD2}"
EndProject
Project("{9A19103F-16F7-4668-BE54-9A1E7A4F7556}") = "TemplateGame.Game", "osu.Framework.Templates\templates\template-empty\TemplateGame.Game\TemplateGame.Game.csproj", "{6BEB95A6-0673-4AF5-892E-9146FF8B0948}"
EndProject
Project("{2150E333-8FDC-42A3-9474-1A3956D46DE8}") = "Empty", "Empty", "{5307589D-87A1-459B-BBD2-1077AA25EB1E}"
EndProject
Project("{2150E333-8FDC-42A3-9474-1A3956D46DE8}") = "FlappyDon", "FlappyDon", "{139F6FAA-EF59-4ADC-A69B-33CA7D1C1D4E}"
EndProject
Project("{9A19103F-16F7-4668-BE54-9A1E7A4F7556}") = "FlappyDon.Game", "osu.Framework.Templates\templates\template-flappy\FlappyDon.Game\FlappyDon.Game.csproj", "{7809CB42-8FED-4BB7-8C68-7638357B94A6}"
EndProject
Project("{2150E333-8FDC-42A3-9474-1A3956D46DE8}") = "CodeAnalysis", "CodeAnalysis", "{50334A1F-990D-45FA-A1FE-C92F1994D97B}"
	ProjectSection(SolutionItems) = preProject
		CodeAnalysis\BannedSymbols.txt = CodeAnalysis\BannedSymbols.txt
		CodeAnalysis\osu-framework.ruleset = CodeAnalysis\osu-framework.ruleset
	EndProjectSection
EndProject
Project("{FAE04EC0-301F-11D3-BF4B-00C04F79EFBC}") = "osu.Framework.Android", "osu.Framework.Android\osu.Framework.Android.csproj", "{5D9EB39B-539A-4F08-8F6B-6066ECFD7895}"
EndProject
Project("{FAE04EC0-301F-11D3-BF4B-00C04F79EFBC}") = "SampleGame.Android", "SampleGame.Android\SampleGame.Android.csproj", "{6B3A8255-DCDA-4CC0-91D2-FBF7AB68D90B}"
EndProject
Project("{FAE04EC0-301F-11D3-BF4B-00C04F79EFBC}") = "osu.Framework.Tests.Android", "osu.Framework.Tests.Android\osu.Framework.Tests.Android.csproj", "{07BCE24A-3A8E-43A8-8C1D-5B3C07C64FEF}"
EndProject
Project("{FAE04EC0-301F-11D3-BF4B-00C04F79EFBC}") = "osu.Framework.iOS", "osu.Framework.iOS\osu.Framework.iOS.csproj", "{A01F48BF-4D50-4788-9989-BC8260CE2352}"
EndProject
Project("{FAE04EC0-301F-11D3-BF4B-00C04F79EFBC}") = "TemplateGame.Resources", "osu.Framework.Templates\templates\template-empty\TemplateGame.Resources\TemplateGame.Resources.csproj", "{99CFFC5A-7B3F-4621-8379-7CA8E2EAC277}"
EndProject
Project("{FAE04EC0-301F-11D3-BF4B-00C04F79EFBC}") = "TemplateGame.Desktop", "osu.Framework.Templates\templates\template-empty\TemplateGame.Desktop\TemplateGame.Desktop.csproj", "{BF625690-2A9F-4505-9915-C18EF0AF4E23}"
EndProject
Project("{FAE04EC0-301F-11D3-BF4B-00C04F79EFBC}") = "TemplateGame.Game.Tests", "osu.Framework.Templates\templates\template-empty\TemplateGame.Game.Tests\TemplateGame.Game.Tests.csproj", "{6CFE7D73-33F7-41CB-9EBF-60A71E24F117}"
EndProject
Project("{FAE04EC0-301F-11D3-BF4B-00C04F79EFBC}") = "TemplateGame.iOS", "osu.Framework.Templates\templates\template-empty\TemplateGame.iOS\TemplateGame.iOS.csproj", "{5CB299C7-CB61-4D91-92FB-89045566B9F2}"
EndProject
Project("{FAE04EC0-301F-11D3-BF4B-00C04F79EFBC}") = "FlappyDon.Resources", "osu.Framework.Templates\templates\template-flappy\FlappyDon.Resources\FlappyDon.Resources.csproj", "{1079EA26-C741-48EC-B2A0-8CB0DB0EBB70}"
EndProject
Project("{FAE04EC0-301F-11D3-BF4B-00C04F79EFBC}") = "FlappyDon.iOS", "osu.Framework.Templates\templates\template-flappy\FlappyDon.iOS\FlappyDon.iOS.csproj", "{DB52C40B-D696-4F0B-9D04-81296048BB01}"
EndProject
Project("{FAE04EC0-301F-11D3-BF4B-00C04F79EFBC}") = "FlappyDon.Game.Tests", "osu.Framework.Templates\templates\template-flappy\FlappyDon.Game.Tests\FlappyDon.Game.Tests.csproj", "{B8370600-681B-4FCB-84E1-7B32866F0BC1}"
EndProject
Project("{FAE04EC0-301F-11D3-BF4B-00C04F79EFBC}") = "FlappyDon.Desktop", "osu.Framework.Templates\templates\template-flappy\FlappyDon.Desktop\FlappyDon.Desktop.csproj", "{1DFA57E9-1F1A-4A58-9F09-1E093BEF348B}"
EndProject
Project("{FAE04EC0-301F-11D3-BF4B-00C04F79EFBC}") = "FlappyDon.Android", "FlappyDon.Android\FlappyDon.Android.csproj", "{7A17505F-DBE7-46D8-9951-A4D7E103CB5A}"
EndProject
Project("{FAE04EC0-301F-11D3-BF4B-00C04F79EFBC}") = "osu.Framework.Templates", "osu.Framework.Templates\osu.Framework.Templates.csproj", "{26806DBB-41ED-4687-9E45-3CF3A535CCAA}"
EndProject
Project("{FAE04EC0-301F-11D3-BF4B-00C04F79EFBC}") = "osu.Framework.Tests.iOS", "osu.Framework.Tests.iOS\osu.Framework.Tests.iOS.csproj", "{462DF8AE-9F58-4B68-8C8B-207D8FE9373D}"
EndProject
Project("{FAE04EC0-301F-11D3-BF4B-00C04F79EFBC}") = "SampleGame.iOS", "SampleGame.iOS\SampleGame.iOS.csproj", "{DA8BB754-D7AA-4B65-8A51-6C5262635633}"
EndProject
Project("{FAE04EC0-301F-11D3-BF4B-00C04F79EFBC}") = "osu.Framework.Tests", "osu.Framework.Tests\osu.Framework.Tests.csproj", "{5618A95B-3A8E-4507-8D50-D5B0A2EFB838}"
EndProject
Project("{FAE04EC0-301F-11D3-BF4B-00C04F79EFBC}") = "SampleGame.Desktop", "SampleGame.Desktop\SampleGame.Desktop.csproj", "{33DCA004-C9BF-4AE4-AAEF-34DDA871A2E3}"
EndProject
Project("{FAE04EC0-301F-11D3-BF4B-00C04F79EFBC}") = "osu.Framework.Benchmarks", "osu.Framework.Benchmarks\osu.Framework.Benchmarks.csproj", "{A3B5AE32-89E6-4A23-9FB3-58CF1E2CB57E}"
EndProject
Project("{FAE04EC0-301F-11D3-BF4B-00C04F79EFBC}") = "osu.Framework.SourceGeneration", "osu.Framework.SourceGeneration\osu.Framework.SourceGeneration.csproj", "{9B8019FF-B83B-49B2-A286-AE53E689EDE1}"
EndProject
Project("{FAE04EC0-301F-11D3-BF4B-00C04F79EFBC}") = "osu.Framework.SourceGeneration.Tests", "osu.Framework.SourceGeneration.Tests\osu.Framework.SourceGeneration.Tests.csproj", "{B0CE4384-699E-4F58-A910-D8CE3A681A08}"
EndProject
Global
	GlobalSection(SolutionConfigurationPlatforms) = preSolution
		Debug|Any CPU = Debug|Any CPU
		Debug|iPhone = Debug|iPhone
		Debug|iPhoneSimulator = Debug|iPhoneSimulator
		Release|Any CPU = Release|Any CPU
		Release|iPhone = Release|iPhone
		Release|iPhoneSimulator = Release|iPhoneSimulator
	EndGlobalSection
	GlobalSection(ProjectConfigurationPlatforms) = postSolution
		{C76BF5B3-985E-4D39-95FE-97C9C879B83A}.Debug|Any CPU.ActiveCfg = Debug|Any CPU
		{C76BF5B3-985E-4D39-95FE-97C9C879B83A}.Debug|Any CPU.Build.0 = Debug|Any CPU
		{C76BF5B3-985E-4D39-95FE-97C9C879B83A}.Debug|iPhone.ActiveCfg = Debug|Any CPU
		{C76BF5B3-985E-4D39-95FE-97C9C879B83A}.Debug|iPhone.Build.0 = Debug|Any CPU
		{C76BF5B3-985E-4D39-95FE-97C9C879B83A}.Debug|iPhoneSimulator.ActiveCfg = Debug|Any CPU
		{C76BF5B3-985E-4D39-95FE-97C9C879B83A}.Debug|iPhoneSimulator.Build.0 = Debug|Any CPU
		{C76BF5B3-985E-4D39-95FE-97C9C879B83A}.Release|Any CPU.ActiveCfg = Release|Any CPU
		{C76BF5B3-985E-4D39-95FE-97C9C879B83A}.Release|Any CPU.Build.0 = Release|Any CPU
		{C76BF5B3-985E-4D39-95FE-97C9C879B83A}.Release|iPhone.ActiveCfg = Release|Any CPU
		{C76BF5B3-985E-4D39-95FE-97C9C879B83A}.Release|iPhone.Build.0 = Release|Any CPU
		{C76BF5B3-985E-4D39-95FE-97C9C879B83A}.Release|iPhoneSimulator.ActiveCfg = Release|Any CPU
		{C76BF5B3-985E-4D39-95FE-97C9C879B83A}.Release|iPhoneSimulator.Build.0 = Release|Any CPU
		{2A66DD92-ADB1-4994-89E2-C94E04ACDA0D}.Debug|Any CPU.ActiveCfg = Debug|Any CPU
		{2A66DD92-ADB1-4994-89E2-C94E04ACDA0D}.Debug|Any CPU.Build.0 = Debug|Any CPU
		{2A66DD92-ADB1-4994-89E2-C94E04ACDA0D}.Debug|iPhone.ActiveCfg = Debug|Any CPU
		{2A66DD92-ADB1-4994-89E2-C94E04ACDA0D}.Debug|iPhone.Build.0 = Debug|Any CPU
		{2A66DD92-ADB1-4994-89E2-C94E04ACDA0D}.Debug|iPhoneSimulator.ActiveCfg = Debug|Any CPU
		{2A66DD92-ADB1-4994-89E2-C94E04ACDA0D}.Debug|iPhoneSimulator.Build.0 = Debug|Any CPU
		{2A66DD92-ADB1-4994-89E2-C94E04ACDA0D}.Release|Any CPU.ActiveCfg = Release|Any CPU
		{2A66DD92-ADB1-4994-89E2-C94E04ACDA0D}.Release|Any CPU.Build.0 = Release|Any CPU
		{2A66DD92-ADB1-4994-89E2-C94E04ACDA0D}.Release|iPhone.ActiveCfg = Release|Any CPU
		{2A66DD92-ADB1-4994-89E2-C94E04ACDA0D}.Release|iPhone.Build.0 = Release|Any CPU
		{2A66DD92-ADB1-4994-89E2-C94E04ACDA0D}.Release|iPhoneSimulator.ActiveCfg = Release|Any CPU
		{2A66DD92-ADB1-4994-89E2-C94E04ACDA0D}.Release|iPhoneSimulator.Build.0 = Release|Any CPU
		{F853B4BB-CB83-4169-8FD2-72EEB4A88C32}.Debug|Any CPU.ActiveCfg = Debug|Any CPU
		{F853B4BB-CB83-4169-8FD2-72EEB4A88C32}.Debug|Any CPU.Build.0 = Debug|Any CPU
		{F853B4BB-CB83-4169-8FD2-72EEB4A88C32}.Debug|iPhone.ActiveCfg = Debug|Any CPU
		{F853B4BB-CB83-4169-8FD2-72EEB4A88C32}.Debug|iPhone.Build.0 = Debug|Any CPU
		{F853B4BB-CB83-4169-8FD2-72EEB4A88C32}.Debug|iPhoneSimulator.ActiveCfg = Debug|Any CPU
		{F853B4BB-CB83-4169-8FD2-72EEB4A88C32}.Debug|iPhoneSimulator.Build.0 = Debug|Any CPU
		{F853B4BB-CB83-4169-8FD2-72EEB4A88C32}.Release|Any CPU.ActiveCfg = Release|Any CPU
		{F853B4BB-CB83-4169-8FD2-72EEB4A88C32}.Release|Any CPU.Build.0 = Release|Any CPU
		{F853B4BB-CB83-4169-8FD2-72EEB4A88C32}.Release|iPhone.ActiveCfg = Release|Any CPU
		{F853B4BB-CB83-4169-8FD2-72EEB4A88C32}.Release|iPhone.Build.0 = Release|Any CPU
		{F853B4BB-CB83-4169-8FD2-72EEB4A88C32}.Release|iPhoneSimulator.ActiveCfg = Release|Any CPU
		{F853B4BB-CB83-4169-8FD2-72EEB4A88C32}.Release|iPhoneSimulator.Build.0 = Release|Any CPU
		{6BEB95A6-0673-4AF5-892E-9146FF8B0948}.Debug|Any CPU.ActiveCfg = Debug|Any CPU
		{6BEB95A6-0673-4AF5-892E-9146FF8B0948}.Debug|Any CPU.Build.0 = Debug|Any CPU
		{6BEB95A6-0673-4AF5-892E-9146FF8B0948}.Debug|iPhone.ActiveCfg = Debug|Any CPU
		{6BEB95A6-0673-4AF5-892E-9146FF8B0948}.Debug|iPhone.Build.0 = Debug|Any CPU
		{6BEB95A6-0673-4AF5-892E-9146FF8B0948}.Debug|iPhoneSimulator.ActiveCfg = Debug|Any CPU
		{6BEB95A6-0673-4AF5-892E-9146FF8B0948}.Debug|iPhoneSimulator.Build.0 = Debug|Any CPU
		{6BEB95A6-0673-4AF5-892E-9146FF8B0948}.Release|Any CPU.ActiveCfg = Release|Any CPU
		{6BEB95A6-0673-4AF5-892E-9146FF8B0948}.Release|Any CPU.Build.0 = Release|Any CPU
		{6BEB95A6-0673-4AF5-892E-9146FF8B0948}.Release|iPhone.ActiveCfg = Release|Any CPU
		{6BEB95A6-0673-4AF5-892E-9146FF8B0948}.Release|iPhone.Build.0 = Release|Any CPU
		{6BEB95A6-0673-4AF5-892E-9146FF8B0948}.Release|iPhoneSimulator.ActiveCfg = Release|Any CPU
		{6BEB95A6-0673-4AF5-892E-9146FF8B0948}.Release|iPhoneSimulator.Build.0 = Release|Any CPU
		{7809CB42-8FED-4BB7-8C68-7638357B94A6}.Debug|Any CPU.ActiveCfg = Debug|Any CPU
		{7809CB42-8FED-4BB7-8C68-7638357B94A6}.Debug|Any CPU.Build.0 = Debug|Any CPU
		{7809CB42-8FED-4BB7-8C68-7638357B94A6}.Debug|iPhone.ActiveCfg = Debug|Any CPU
		{7809CB42-8FED-4BB7-8C68-7638357B94A6}.Debug|iPhone.Build.0 = Debug|Any CPU
		{7809CB42-8FED-4BB7-8C68-7638357B94A6}.Debug|iPhoneSimulator.ActiveCfg = Debug|Any CPU
		{7809CB42-8FED-4BB7-8C68-7638357B94A6}.Debug|iPhoneSimulator.Build.0 = Debug|Any CPU
		{7809CB42-8FED-4BB7-8C68-7638357B94A6}.Release|Any CPU.ActiveCfg = Release|Any CPU
		{7809CB42-8FED-4BB7-8C68-7638357B94A6}.Release|Any CPU.Build.0 = Release|Any CPU
		{7809CB42-8FED-4BB7-8C68-7638357B94A6}.Release|iPhone.ActiveCfg = Release|Any CPU
		{7809CB42-8FED-4BB7-8C68-7638357B94A6}.Release|iPhone.Build.0 = Release|Any CPU
		{7809CB42-8FED-4BB7-8C68-7638357B94A6}.Release|iPhoneSimulator.ActiveCfg = Release|Any CPU
		{7809CB42-8FED-4BB7-8C68-7638357B94A6}.Release|iPhoneSimulator.Build.0 = Release|Any CPU
		{5D9EB39B-539A-4F08-8F6B-6066ECFD7895}.Debug|Any CPU.ActiveCfg = Debug|Any CPU
		{5D9EB39B-539A-4F08-8F6B-6066ECFD7895}.Debug|Any CPU.Build.0 = Debug|Any CPU
		{5D9EB39B-539A-4F08-8F6B-6066ECFD7895}.Debug|iPhone.ActiveCfg = Debug|Any CPU
		{5D9EB39B-539A-4F08-8F6B-6066ECFD7895}.Debug|iPhone.Build.0 = Debug|Any CPU
		{5D9EB39B-539A-4F08-8F6B-6066ECFD7895}.Debug|iPhoneSimulator.ActiveCfg = Debug|Any CPU
		{5D9EB39B-539A-4F08-8F6B-6066ECFD7895}.Debug|iPhoneSimulator.Build.0 = Debug|Any CPU
		{5D9EB39B-539A-4F08-8F6B-6066ECFD7895}.Release|Any CPU.ActiveCfg = Release|Any CPU
		{5D9EB39B-539A-4F08-8F6B-6066ECFD7895}.Release|Any CPU.Build.0 = Release|Any CPU
		{5D9EB39B-539A-4F08-8F6B-6066ECFD7895}.Release|iPhone.ActiveCfg = Release|Any CPU
		{5D9EB39B-539A-4F08-8F6B-6066ECFD7895}.Release|iPhone.Build.0 = Release|Any CPU
		{5D9EB39B-539A-4F08-8F6B-6066ECFD7895}.Release|iPhoneSimulator.ActiveCfg = Release|Any CPU
		{5D9EB39B-539A-4F08-8F6B-6066ECFD7895}.Release|iPhoneSimulator.Build.0 = Release|Any CPU
		{6B3A8255-DCDA-4CC0-91D2-FBF7AB68D90B}.Debug|Any CPU.ActiveCfg = Debug|Any CPU
		{6B3A8255-DCDA-4CC0-91D2-FBF7AB68D90B}.Debug|Any CPU.Build.0 = Debug|Any CPU
		{6B3A8255-DCDA-4CC0-91D2-FBF7AB68D90B}.Debug|Any CPU.Deploy.0 = Debug|Any CPU
		{6B3A8255-DCDA-4CC0-91D2-FBF7AB68D90B}.Debug|iPhone.ActiveCfg = Debug|Any CPU
		{6B3A8255-DCDA-4CC0-91D2-FBF7AB68D90B}.Debug|iPhoneSimulator.ActiveCfg = Debug|Any CPU
		{6B3A8255-DCDA-4CC0-91D2-FBF7AB68D90B}.Release|Any CPU.ActiveCfg = Release|Any CPU
		{6B3A8255-DCDA-4CC0-91D2-FBF7AB68D90B}.Release|Any CPU.Build.0 = Release|Any CPU
		{6B3A8255-DCDA-4CC0-91D2-FBF7AB68D90B}.Release|Any CPU.Deploy.0 = Release|Any CPU
		{6B3A8255-DCDA-4CC0-91D2-FBF7AB68D90B}.Release|iPhone.ActiveCfg = Release|Any CPU
		{6B3A8255-DCDA-4CC0-91D2-FBF7AB68D90B}.Release|iPhoneSimulator.ActiveCfg = Release|Any CPU
		{07BCE24A-3A8E-43A8-8C1D-5B3C07C64FEF}.Debug|Any CPU.ActiveCfg = Debug|Any CPU
		{07BCE24A-3A8E-43A8-8C1D-5B3C07C64FEF}.Debug|Any CPU.Build.0 = Debug|Any CPU
		{07BCE24A-3A8E-43A8-8C1D-5B3C07C64FEF}.Debug|Any CPU.Deploy.0 = Debug|Any CPU
		{07BCE24A-3A8E-43A8-8C1D-5B3C07C64FEF}.Debug|iPhone.ActiveCfg = Debug|Any CPU
		{07BCE24A-3A8E-43A8-8C1D-5B3C07C64FEF}.Debug|iPhoneSimulator.ActiveCfg = Debug|Any CPU
		{07BCE24A-3A8E-43A8-8C1D-5B3C07C64FEF}.Release|Any CPU.ActiveCfg = Release|Any CPU
		{07BCE24A-3A8E-43A8-8C1D-5B3C07C64FEF}.Release|Any CPU.Build.0 = Release|Any CPU
		{07BCE24A-3A8E-43A8-8C1D-5B3C07C64FEF}.Release|Any CPU.Deploy.0 = Release|Any CPU
		{07BCE24A-3A8E-43A8-8C1D-5B3C07C64FEF}.Release|iPhone.ActiveCfg = Release|Any CPU
		{07BCE24A-3A8E-43A8-8C1D-5B3C07C64FEF}.Release|iPhoneSimulator.ActiveCfg = Release|Any CPU
		{A01F48BF-4D50-4788-9989-BC8260CE2352}.Debug|Any CPU.ActiveCfg = Debug|Any CPU
		{A01F48BF-4D50-4788-9989-BC8260CE2352}.Debug|Any CPU.Build.0 = Debug|Any CPU
		{A01F48BF-4D50-4788-9989-BC8260CE2352}.Debug|iPhone.ActiveCfg = Debug|Any CPU
		{A01F48BF-4D50-4788-9989-BC8260CE2352}.Debug|iPhone.Build.0 = Debug|Any CPU
		{A01F48BF-4D50-4788-9989-BC8260CE2352}.Debug|iPhoneSimulator.ActiveCfg = Debug|Any CPU
		{A01F48BF-4D50-4788-9989-BC8260CE2352}.Debug|iPhoneSimulator.Build.0 = Debug|Any CPU
		{A01F48BF-4D50-4788-9989-BC8260CE2352}.Release|Any CPU.ActiveCfg = Release|Any CPU
		{A01F48BF-4D50-4788-9989-BC8260CE2352}.Release|Any CPU.Build.0 = Release|Any CPU
		{A01F48BF-4D50-4788-9989-BC8260CE2352}.Release|iPhone.ActiveCfg = Release|Any CPU
		{A01F48BF-4D50-4788-9989-BC8260CE2352}.Release|iPhone.Build.0 = Release|Any CPU
		{A01F48BF-4D50-4788-9989-BC8260CE2352}.Release|iPhoneSimulator.ActiveCfg = Release|Any CPU
		{A01F48BF-4D50-4788-9989-BC8260CE2352}.Release|iPhoneSimulator.Build.0 = Release|Any CPU
		{99CFFC5A-7B3F-4621-8379-7CA8E2EAC277}.Debug|Any CPU.ActiveCfg = Debug|Any CPU
		{99CFFC5A-7B3F-4621-8379-7CA8E2EAC277}.Debug|Any CPU.Build.0 = Debug|Any CPU
		{99CFFC5A-7B3F-4621-8379-7CA8E2EAC277}.Debug|iPhone.ActiveCfg = Debug|Any CPU
		{99CFFC5A-7B3F-4621-8379-7CA8E2EAC277}.Debug|iPhone.Build.0 = Debug|Any CPU
		{99CFFC5A-7B3F-4621-8379-7CA8E2EAC277}.Debug|iPhoneSimulator.ActiveCfg = Debug|Any CPU
		{99CFFC5A-7B3F-4621-8379-7CA8E2EAC277}.Debug|iPhoneSimulator.Build.0 = Debug|Any CPU
		{99CFFC5A-7B3F-4621-8379-7CA8E2EAC277}.Release|Any CPU.ActiveCfg = Release|Any CPU
		{99CFFC5A-7B3F-4621-8379-7CA8E2EAC277}.Release|Any CPU.Build.0 = Release|Any CPU
		{99CFFC5A-7B3F-4621-8379-7CA8E2EAC277}.Release|iPhone.ActiveCfg = Release|Any CPU
		{99CFFC5A-7B3F-4621-8379-7CA8E2EAC277}.Release|iPhone.Build.0 = Release|Any CPU
		{99CFFC5A-7B3F-4621-8379-7CA8E2EAC277}.Release|iPhoneSimulator.ActiveCfg = Release|Any CPU
		{99CFFC5A-7B3F-4621-8379-7CA8E2EAC277}.Release|iPhoneSimulator.Build.0 = Release|Any CPU
		{BF625690-2A9F-4505-9915-C18EF0AF4E23}.Debug|Any CPU.ActiveCfg = Debug|Any CPU
		{BF625690-2A9F-4505-9915-C18EF0AF4E23}.Debug|Any CPU.Build.0 = Debug|Any CPU
		{BF625690-2A9F-4505-9915-C18EF0AF4E23}.Debug|iPhone.ActiveCfg = Debug|Any CPU
		{BF625690-2A9F-4505-9915-C18EF0AF4E23}.Debug|iPhone.Build.0 = Debug|Any CPU
		{BF625690-2A9F-4505-9915-C18EF0AF4E23}.Debug|iPhoneSimulator.ActiveCfg = Debug|Any CPU
		{BF625690-2A9F-4505-9915-C18EF0AF4E23}.Debug|iPhoneSimulator.Build.0 = Debug|Any CPU
		{BF625690-2A9F-4505-9915-C18EF0AF4E23}.Release|Any CPU.ActiveCfg = Release|Any CPU
		{BF625690-2A9F-4505-9915-C18EF0AF4E23}.Release|Any CPU.Build.0 = Release|Any CPU
		{BF625690-2A9F-4505-9915-C18EF0AF4E23}.Release|iPhone.ActiveCfg = Release|Any CPU
		{BF625690-2A9F-4505-9915-C18EF0AF4E23}.Release|iPhone.Build.0 = Release|Any CPU
		{BF625690-2A9F-4505-9915-C18EF0AF4E23}.Release|iPhoneSimulator.ActiveCfg = Release|Any CPU
		{BF625690-2A9F-4505-9915-C18EF0AF4E23}.Release|iPhoneSimulator.Build.0 = Release|Any CPU
		{6CFE7D73-33F7-41CB-9EBF-60A71E24F117}.Debug|Any CPU.ActiveCfg = Debug|Any CPU
		{6CFE7D73-33F7-41CB-9EBF-60A71E24F117}.Debug|Any CPU.Build.0 = Debug|Any CPU
		{6CFE7D73-33F7-41CB-9EBF-60A71E24F117}.Debug|iPhone.ActiveCfg = Debug|Any CPU
		{6CFE7D73-33F7-41CB-9EBF-60A71E24F117}.Debug|iPhone.Build.0 = Debug|Any CPU
		{6CFE7D73-33F7-41CB-9EBF-60A71E24F117}.Debug|iPhoneSimulator.ActiveCfg = Debug|Any CPU
		{6CFE7D73-33F7-41CB-9EBF-60A71E24F117}.Debug|iPhoneSimulator.Build.0 = Debug|Any CPU
		{6CFE7D73-33F7-41CB-9EBF-60A71E24F117}.Release|Any CPU.ActiveCfg = Release|Any CPU
		{6CFE7D73-33F7-41CB-9EBF-60A71E24F117}.Release|Any CPU.Build.0 = Release|Any CPU
		{6CFE7D73-33F7-41CB-9EBF-60A71E24F117}.Release|iPhone.ActiveCfg = Release|Any CPU
		{6CFE7D73-33F7-41CB-9EBF-60A71E24F117}.Release|iPhone.Build.0 = Release|Any CPU
		{6CFE7D73-33F7-41CB-9EBF-60A71E24F117}.Release|iPhoneSimulator.ActiveCfg = Release|Any CPU
		{6CFE7D73-33F7-41CB-9EBF-60A71E24F117}.Release|iPhoneSimulator.Build.0 = Release|Any CPU
		{5CB299C7-CB61-4D91-92FB-89045566B9F2}.Debug|Any CPU.ActiveCfg = Debug|Any CPU
		{5CB299C7-CB61-4D91-92FB-89045566B9F2}.Debug|Any CPU.Build.0 = Debug|Any CPU
		{5CB299C7-CB61-4D91-92FB-89045566B9F2}.Debug|iPhone.ActiveCfg = Debug|Any CPU
		{5CB299C7-CB61-4D91-92FB-89045566B9F2}.Debug|iPhone.Build.0 = Debug|Any CPU
		{5CB299C7-CB61-4D91-92FB-89045566B9F2}.Debug|iPhoneSimulator.ActiveCfg = Debug|Any CPU
		{5CB299C7-CB61-4D91-92FB-89045566B9F2}.Debug|iPhoneSimulator.Build.0 = Debug|Any CPU
		{5CB299C7-CB61-4D91-92FB-89045566B9F2}.Release|Any CPU.ActiveCfg = Release|Any CPU
		{5CB299C7-CB61-4D91-92FB-89045566B9F2}.Release|Any CPU.Build.0 = Release|Any CPU
		{5CB299C7-CB61-4D91-92FB-89045566B9F2}.Release|iPhone.ActiveCfg = Release|Any CPU
		{5CB299C7-CB61-4D91-92FB-89045566B9F2}.Release|iPhone.Build.0 = Release|Any CPU
		{5CB299C7-CB61-4D91-92FB-89045566B9F2}.Release|iPhoneSimulator.ActiveCfg = Release|Any CPU
		{5CB299C7-CB61-4D91-92FB-89045566B9F2}.Release|iPhoneSimulator.Build.0 = Release|Any CPU
		{1079EA26-C741-48EC-B2A0-8CB0DB0EBB70}.Debug|Any CPU.ActiveCfg = Debug|Any CPU
		{1079EA26-C741-48EC-B2A0-8CB0DB0EBB70}.Debug|Any CPU.Build.0 = Debug|Any CPU
		{1079EA26-C741-48EC-B2A0-8CB0DB0EBB70}.Debug|iPhone.ActiveCfg = Debug|Any CPU
		{1079EA26-C741-48EC-B2A0-8CB0DB0EBB70}.Debug|iPhone.Build.0 = Debug|Any CPU
		{1079EA26-C741-48EC-B2A0-8CB0DB0EBB70}.Debug|iPhoneSimulator.ActiveCfg = Debug|Any CPU
		{1079EA26-C741-48EC-B2A0-8CB0DB0EBB70}.Debug|iPhoneSimulator.Build.0 = Debug|Any CPU
		{1079EA26-C741-48EC-B2A0-8CB0DB0EBB70}.Release|Any CPU.ActiveCfg = Release|Any CPU
		{1079EA26-C741-48EC-B2A0-8CB0DB0EBB70}.Release|Any CPU.Build.0 = Release|Any CPU
		{1079EA26-C741-48EC-B2A0-8CB0DB0EBB70}.Release|iPhone.ActiveCfg = Release|Any CPU
		{1079EA26-C741-48EC-B2A0-8CB0DB0EBB70}.Release|iPhone.Build.0 = Release|Any CPU
		{1079EA26-C741-48EC-B2A0-8CB0DB0EBB70}.Release|iPhoneSimulator.ActiveCfg = Release|Any CPU
		{1079EA26-C741-48EC-B2A0-8CB0DB0EBB70}.Release|iPhoneSimulator.Build.0 = Release|Any CPU
		{DB52C40B-D696-4F0B-9D04-81296048BB01}.Debug|Any CPU.ActiveCfg = Debug|Any CPU
		{DB52C40B-D696-4F0B-9D04-81296048BB01}.Debug|Any CPU.Build.0 = Debug|Any CPU
		{DB52C40B-D696-4F0B-9D04-81296048BB01}.Debug|iPhone.ActiveCfg = Debug|Any CPU
		{DB52C40B-D696-4F0B-9D04-81296048BB01}.Debug|iPhone.Build.0 = Debug|Any CPU
		{DB52C40B-D696-4F0B-9D04-81296048BB01}.Debug|iPhoneSimulator.ActiveCfg = Debug|Any CPU
		{DB52C40B-D696-4F0B-9D04-81296048BB01}.Debug|iPhoneSimulator.Build.0 = Debug|Any CPU
		{DB52C40B-D696-4F0B-9D04-81296048BB01}.Release|Any CPU.ActiveCfg = Release|Any CPU
		{DB52C40B-D696-4F0B-9D04-81296048BB01}.Release|Any CPU.Build.0 = Release|Any CPU
		{DB52C40B-D696-4F0B-9D04-81296048BB01}.Release|iPhone.ActiveCfg = Release|Any CPU
		{DB52C40B-D696-4F0B-9D04-81296048BB01}.Release|iPhone.Build.0 = Release|Any CPU
		{DB52C40B-D696-4F0B-9D04-81296048BB01}.Release|iPhoneSimulator.ActiveCfg = Release|Any CPU
		{DB52C40B-D696-4F0B-9D04-81296048BB01}.Release|iPhoneSimulator.Build.0 = Release|Any CPU
		{B8370600-681B-4FCB-84E1-7B32866F0BC1}.Debug|Any CPU.ActiveCfg = Debug|Any CPU
		{B8370600-681B-4FCB-84E1-7B32866F0BC1}.Debug|Any CPU.Build.0 = Debug|Any CPU
		{B8370600-681B-4FCB-84E1-7B32866F0BC1}.Debug|iPhone.ActiveCfg = Debug|Any CPU
		{B8370600-681B-4FCB-84E1-7B32866F0BC1}.Debug|iPhone.Build.0 = Debug|Any CPU
		{B8370600-681B-4FCB-84E1-7B32866F0BC1}.Debug|iPhoneSimulator.ActiveCfg = Debug|Any CPU
		{B8370600-681B-4FCB-84E1-7B32866F0BC1}.Debug|iPhoneSimulator.Build.0 = Debug|Any CPU
		{B8370600-681B-4FCB-84E1-7B32866F0BC1}.Release|Any CPU.ActiveCfg = Release|Any CPU
		{B8370600-681B-4FCB-84E1-7B32866F0BC1}.Release|Any CPU.Build.0 = Release|Any CPU
		{B8370600-681B-4FCB-84E1-7B32866F0BC1}.Release|iPhone.ActiveCfg = Release|Any CPU
		{B8370600-681B-4FCB-84E1-7B32866F0BC1}.Release|iPhone.Build.0 = Release|Any CPU
		{B8370600-681B-4FCB-84E1-7B32866F0BC1}.Release|iPhoneSimulator.ActiveCfg = Release|Any CPU
		{B8370600-681B-4FCB-84E1-7B32866F0BC1}.Release|iPhoneSimulator.Build.0 = Release|Any CPU
		{1DFA57E9-1F1A-4A58-9F09-1E093BEF348B}.Debug|Any CPU.ActiveCfg = Debug|Any CPU
		{1DFA57E9-1F1A-4A58-9F09-1E093BEF348B}.Debug|Any CPU.Build.0 = Debug|Any CPU
		{1DFA57E9-1F1A-4A58-9F09-1E093BEF348B}.Debug|iPhone.ActiveCfg = Debug|Any CPU
		{1DFA57E9-1F1A-4A58-9F09-1E093BEF348B}.Debug|iPhone.Build.0 = Debug|Any CPU
		{1DFA57E9-1F1A-4A58-9F09-1E093BEF348B}.Debug|iPhoneSimulator.ActiveCfg = Debug|Any CPU
		{1DFA57E9-1F1A-4A58-9F09-1E093BEF348B}.Debug|iPhoneSimulator.Build.0 = Debug|Any CPU
		{1DFA57E9-1F1A-4A58-9F09-1E093BEF348B}.Release|Any CPU.ActiveCfg = Release|Any CPU
		{1DFA57E9-1F1A-4A58-9F09-1E093BEF348B}.Release|Any CPU.Build.0 = Release|Any CPU
		{1DFA57E9-1F1A-4A58-9F09-1E093BEF348B}.Release|iPhone.ActiveCfg = Release|Any CPU
		{1DFA57E9-1F1A-4A58-9F09-1E093BEF348B}.Release|iPhone.Build.0 = Release|Any CPU
		{1DFA57E9-1F1A-4A58-9F09-1E093BEF348B}.Release|iPhoneSimulator.ActiveCfg = Release|Any CPU
		{1DFA57E9-1F1A-4A58-9F09-1E093BEF348B}.Release|iPhoneSimulator.Build.0 = Release|Any CPU
		{7A17505F-DBE7-46D8-9951-A4D7E103CB5A}.Debug|Any CPU.ActiveCfg = Debug|Any CPU
		{7A17505F-DBE7-46D8-9951-A4D7E103CB5A}.Debug|Any CPU.Build.0 = Debug|Any CPU
		{7A17505F-DBE7-46D8-9951-A4D7E103CB5A}.Debug|Any CPU.Deploy.0 = Debug|Any CPU
		{7A17505F-DBE7-46D8-9951-A4D7E103CB5A}.Debug|iPhone.ActiveCfg = Debug|Any CPU
		{7A17505F-DBE7-46D8-9951-A4D7E103CB5A}.Debug|iPhone.Build.0 = Debug|Any CPU
		{7A17505F-DBE7-46D8-9951-A4D7E103CB5A}.Debug|iPhone.Deploy.0 = Debug|Any CPU
		{7A17505F-DBE7-46D8-9951-A4D7E103CB5A}.Debug|iPhoneSimulator.ActiveCfg = Debug|Any CPU
		{7A17505F-DBE7-46D8-9951-A4D7E103CB5A}.Debug|iPhoneSimulator.Build.0 = Debug|Any CPU
		{7A17505F-DBE7-46D8-9951-A4D7E103CB5A}.Debug|iPhoneSimulator.Deploy.0 = Debug|Any CPU
		{7A17505F-DBE7-46D8-9951-A4D7E103CB5A}.Release|Any CPU.ActiveCfg = Release|Any CPU
		{7A17505F-DBE7-46D8-9951-A4D7E103CB5A}.Release|Any CPU.Build.0 = Release|Any CPU
		{7A17505F-DBE7-46D8-9951-A4D7E103CB5A}.Release|Any CPU.Deploy.0 = Release|Any CPU
		{7A17505F-DBE7-46D8-9951-A4D7E103CB5A}.Release|iPhone.ActiveCfg = Release|Any CPU
		{7A17505F-DBE7-46D8-9951-A4D7E103CB5A}.Release|iPhone.Build.0 = Release|Any CPU
		{7A17505F-DBE7-46D8-9951-A4D7E103CB5A}.Release|iPhone.Deploy.0 = Release|Any CPU
		{7A17505F-DBE7-46D8-9951-A4D7E103CB5A}.Release|iPhoneSimulator.ActiveCfg = Release|Any CPU
		{7A17505F-DBE7-46D8-9951-A4D7E103CB5A}.Release|iPhoneSimulator.Build.0 = Release|Any CPU
		{7A17505F-DBE7-46D8-9951-A4D7E103CB5A}.Release|iPhoneSimulator.Deploy.0 = Release|Any CPU
		{26806DBB-41ED-4687-9E45-3CF3A535CCAA}.Debug|Any CPU.ActiveCfg = Debug|Any CPU
		{26806DBB-41ED-4687-9E45-3CF3A535CCAA}.Debug|Any CPU.Build.0 = Debug|Any CPU
		{26806DBB-41ED-4687-9E45-3CF3A535CCAA}.Debug|iPhone.ActiveCfg = Debug|Any CPU
		{26806DBB-41ED-4687-9E45-3CF3A535CCAA}.Debug|iPhoneSimulator.ActiveCfg = Debug|Any CPU
		{26806DBB-41ED-4687-9E45-3CF3A535CCAA}.Release|Any CPU.ActiveCfg = Release|Any CPU
		{26806DBB-41ED-4687-9E45-3CF3A535CCAA}.Release|Any CPU.Build.0 = Release|Any CPU
		{26806DBB-41ED-4687-9E45-3CF3A535CCAA}.Release|iPhone.ActiveCfg = Release|Any CPU
		{26806DBB-41ED-4687-9E45-3CF3A535CCAA}.Release|iPhoneSimulator.ActiveCfg = Release|Any CPU
		{462DF8AE-9F58-4B68-8C8B-207D8FE9373D}.Debug|Any CPU.ActiveCfg = Debug|Any CPU
		{462DF8AE-9F58-4B68-8C8B-207D8FE9373D}.Debug|Any CPU.Build.0 = Debug|Any CPU
		{462DF8AE-9F58-4B68-8C8B-207D8FE9373D}.Debug|iPhone.ActiveCfg = Debug|Any CPU
		{462DF8AE-9F58-4B68-8C8B-207D8FE9373D}.Debug|iPhone.Build.0 = Debug|Any CPU
		{462DF8AE-9F58-4B68-8C8B-207D8FE9373D}.Debug|iPhoneSimulator.ActiveCfg = Debug|Any CPU
		{462DF8AE-9F58-4B68-8C8B-207D8FE9373D}.Debug|iPhoneSimulator.Build.0 = Debug|Any CPU
		{462DF8AE-9F58-4B68-8C8B-207D8FE9373D}.Release|Any CPU.ActiveCfg = Release|Any CPU
		{462DF8AE-9F58-4B68-8C8B-207D8FE9373D}.Release|Any CPU.Build.0 = Release|Any CPU
		{462DF8AE-9F58-4B68-8C8B-207D8FE9373D}.Release|iPhone.ActiveCfg = Release|Any CPU
		{462DF8AE-9F58-4B68-8C8B-207D8FE9373D}.Release|iPhone.Build.0 = Release|Any CPU
		{462DF8AE-9F58-4B68-8C8B-207D8FE9373D}.Release|iPhoneSimulator.ActiveCfg = Release|Any CPU
		{462DF8AE-9F58-4B68-8C8B-207D8FE9373D}.Release|iPhoneSimulator.Build.0 = Release|Any CPU
		{DA8BB754-D7AA-4B65-8A51-6C5262635633}.Debug|Any CPU.ActiveCfg = Debug|Any CPU
		{DA8BB754-D7AA-4B65-8A51-6C5262635633}.Debug|Any CPU.Build.0 = Debug|Any CPU
		{DA8BB754-D7AA-4B65-8A51-6C5262635633}.Debug|iPhone.ActiveCfg = Debug|Any CPU
		{DA8BB754-D7AA-4B65-8A51-6C5262635633}.Debug|iPhone.Build.0 = Debug|Any CPU
		{DA8BB754-D7AA-4B65-8A51-6C5262635633}.Debug|iPhoneSimulator.ActiveCfg = Debug|Any CPU
		{DA8BB754-D7AA-4B65-8A51-6C5262635633}.Debug|iPhoneSimulator.Build.0 = Debug|Any CPU
		{DA8BB754-D7AA-4B65-8A51-6C5262635633}.Release|Any CPU.ActiveCfg = Release|Any CPU
		{DA8BB754-D7AA-4B65-8A51-6C5262635633}.Release|Any CPU.Build.0 = Release|Any CPU
		{DA8BB754-D7AA-4B65-8A51-6C5262635633}.Release|iPhone.ActiveCfg = Release|Any CPU
		{DA8BB754-D7AA-4B65-8A51-6C5262635633}.Release|iPhone.Build.0 = Release|Any CPU
		{DA8BB754-D7AA-4B65-8A51-6C5262635633}.Release|iPhoneSimulator.ActiveCfg = Release|Any CPU
		{DA8BB754-D7AA-4B65-8A51-6C5262635633}.Release|iPhoneSimulator.Build.0 = Release|Any CPU
		{5618A95B-3A8E-4507-8D50-D5B0A2EFB838}.Debug|Any CPU.ActiveCfg = Debug|Any CPU
		{5618A95B-3A8E-4507-8D50-D5B0A2EFB838}.Debug|Any CPU.Build.0 = Debug|Any CPU
		{5618A95B-3A8E-4507-8D50-D5B0A2EFB838}.Debug|iPhone.ActiveCfg = Debug|Any CPU
		{5618A95B-3A8E-4507-8D50-D5B0A2EFB838}.Debug|iPhone.Build.0 = Debug|Any CPU
		{5618A95B-3A8E-4507-8D50-D5B0A2EFB838}.Debug|iPhoneSimulator.ActiveCfg = Debug|Any CPU
		{5618A95B-3A8E-4507-8D50-D5B0A2EFB838}.Debug|iPhoneSimulator.Build.0 = Debug|Any CPU
		{5618A95B-3A8E-4507-8D50-D5B0A2EFB838}.Release|Any CPU.ActiveCfg = Release|Any CPU
		{5618A95B-3A8E-4507-8D50-D5B0A2EFB838}.Release|Any CPU.Build.0 = Release|Any CPU
		{5618A95B-3A8E-4507-8D50-D5B0A2EFB838}.Release|iPhone.ActiveCfg = Release|Any CPU
		{5618A95B-3A8E-4507-8D50-D5B0A2EFB838}.Release|iPhone.Build.0 = Release|Any CPU
		{5618A95B-3A8E-4507-8D50-D5B0A2EFB838}.Release|iPhoneSimulator.ActiveCfg = Release|Any CPU
		{5618A95B-3A8E-4507-8D50-D5B0A2EFB838}.Release|iPhoneSimulator.Build.0 = Release|Any CPU
		{33DCA004-C9BF-4AE4-AAEF-34DDA871A2E3}.Debug|Any CPU.ActiveCfg = Debug|Any CPU
		{33DCA004-C9BF-4AE4-AAEF-34DDA871A2E3}.Debug|Any CPU.Build.0 = Debug|Any CPU
		{33DCA004-C9BF-4AE4-AAEF-34DDA871A2E3}.Debug|iPhone.ActiveCfg = Debug|Any CPU
		{33DCA004-C9BF-4AE4-AAEF-34DDA871A2E3}.Debug|iPhone.Build.0 = Debug|Any CPU
		{33DCA004-C9BF-4AE4-AAEF-34DDA871A2E3}.Debug|iPhoneSimulator.ActiveCfg = Debug|Any CPU
		{33DCA004-C9BF-4AE4-AAEF-34DDA871A2E3}.Debug|iPhoneSimulator.Build.0 = Debug|Any CPU
		{33DCA004-C9BF-4AE4-AAEF-34DDA871A2E3}.Release|Any CPU.ActiveCfg = Release|Any CPU
		{33DCA004-C9BF-4AE4-AAEF-34DDA871A2E3}.Release|Any CPU.Build.0 = Release|Any CPU
		{33DCA004-C9BF-4AE4-AAEF-34DDA871A2E3}.Release|iPhone.ActiveCfg = Release|Any CPU
		{33DCA004-C9BF-4AE4-AAEF-34DDA871A2E3}.Release|iPhone.Build.0 = Release|Any CPU
		{33DCA004-C9BF-4AE4-AAEF-34DDA871A2E3}.Release|iPhoneSimulator.ActiveCfg = Release|Any CPU
		{33DCA004-C9BF-4AE4-AAEF-34DDA871A2E3}.Release|iPhoneSimulator.Build.0 = Release|Any CPU
		{A3B5AE32-89E6-4A23-9FB3-58CF1E2CB57E}.Debug|Any CPU.ActiveCfg = Debug|Any CPU
		{A3B5AE32-89E6-4A23-9FB3-58CF1E2CB57E}.Debug|Any CPU.Build.0 = Debug|Any CPU
		{A3B5AE32-89E6-4A23-9FB3-58CF1E2CB57E}.Debug|iPhone.ActiveCfg = Debug|Any CPU
		{A3B5AE32-89E6-4A23-9FB3-58CF1E2CB57E}.Debug|iPhone.Build.0 = Debug|Any CPU
		{A3B5AE32-89E6-4A23-9FB3-58CF1E2CB57E}.Debug|iPhoneSimulator.ActiveCfg = Debug|Any CPU
		{A3B5AE32-89E6-4A23-9FB3-58CF1E2CB57E}.Debug|iPhoneSimulator.Build.0 = Debug|Any CPU
		{A3B5AE32-89E6-4A23-9FB3-58CF1E2CB57E}.Release|Any CPU.ActiveCfg = Release|Any CPU
		{A3B5AE32-89E6-4A23-9FB3-58CF1E2CB57E}.Release|Any CPU.Build.0 = Release|Any CPU
		{A3B5AE32-89E6-4A23-9FB3-58CF1E2CB57E}.Release|iPhone.ActiveCfg = Release|Any CPU
		{A3B5AE32-89E6-4A23-9FB3-58CF1E2CB57E}.Release|iPhone.Build.0 = Release|Any CPU
		{A3B5AE32-89E6-4A23-9FB3-58CF1E2CB57E}.Release|iPhoneSimulator.ActiveCfg = Release|Any CPU
		{A3B5AE32-89E6-4A23-9FB3-58CF1E2CB57E}.Release|iPhoneSimulator.Build.0 = Release|Any CPU
		{9B8019FF-B83B-49B2-A286-AE53E689EDE1}.Debug|Any CPU.ActiveCfg = Debug|Any CPU
		{9B8019FF-B83B-49B2-A286-AE53E689EDE1}.Debug|Any CPU.Build.0 = Debug|Any CPU
		{9B8019FF-B83B-49B2-A286-AE53E689EDE1}.Debug|iPhone.ActiveCfg = Debug|Any CPU
		{9B8019FF-B83B-49B2-A286-AE53E689EDE1}.Debug|iPhone.Build.0 = Debug|Any CPU
		{9B8019FF-B83B-49B2-A286-AE53E689EDE1}.Debug|iPhoneSimulator.ActiveCfg = Debug|Any CPU
		{9B8019FF-B83B-49B2-A286-AE53E689EDE1}.Debug|iPhoneSimulator.Build.0 = Debug|Any CPU
		{9B8019FF-B83B-49B2-A286-AE53E689EDE1}.Release|Any CPU.ActiveCfg = Release|Any CPU
		{9B8019FF-B83B-49B2-A286-AE53E689EDE1}.Release|Any CPU.Build.0 = Release|Any CPU
		{9B8019FF-B83B-49B2-A286-AE53E689EDE1}.Release|iPhone.ActiveCfg = Release|Any CPU
		{9B8019FF-B83B-49B2-A286-AE53E689EDE1}.Release|iPhone.Build.0 = Release|Any CPU
		{9B8019FF-B83B-49B2-A286-AE53E689EDE1}.Release|iPhoneSimulator.ActiveCfg = Release|Any CPU
		{9B8019FF-B83B-49B2-A286-AE53E689EDE1}.Release|iPhoneSimulator.Build.0 = Release|Any CPU
		{B0CE4384-699E-4F58-A910-D8CE3A681A08}.Debug|Any CPU.ActiveCfg = Debug|Any CPU
		{B0CE4384-699E-4F58-A910-D8CE3A681A08}.Debug|Any CPU.Build.0 = Debug|Any CPU
		{B0CE4384-699E-4F58-A910-D8CE3A681A08}.Debug|iPhone.ActiveCfg = Debug|Any CPU
		{B0CE4384-699E-4F58-A910-D8CE3A681A08}.Debug|iPhone.Build.0 = Debug|Any CPU
		{B0CE4384-699E-4F58-A910-D8CE3A681A08}.Debug|iPhoneSimulator.ActiveCfg = Debug|Any CPU
		{B0CE4384-699E-4F58-A910-D8CE3A681A08}.Debug|iPhoneSimulator.Build.0 = Debug|Any CPU
		{B0CE4384-699E-4F58-A910-D8CE3A681A08}.Release|Any CPU.ActiveCfg = Release|Any CPU
		{B0CE4384-699E-4F58-A910-D8CE3A681A08}.Release|Any CPU.Build.0 = Release|Any CPU
		{B0CE4384-699E-4F58-A910-D8CE3A681A08}.Release|iPhone.ActiveCfg = Release|Any CPU
		{B0CE4384-699E-4F58-A910-D8CE3A681A08}.Release|iPhone.Build.0 = Release|Any CPU
		{B0CE4384-699E-4F58-A910-D8CE3A681A08}.Release|iPhoneSimulator.ActiveCfg = Release|Any CPU
		{B0CE4384-699E-4F58-A910-D8CE3A681A08}.Release|iPhoneSimulator.Build.0 = Release|Any CPU
	EndGlobalSection
	GlobalSection(SolutionProperties) = preSolution
		HideSolutionNode = FALSE
	EndGlobalSection
	GlobalSection(NestedProjects) = preSolution
		{6BEB95A6-0673-4AF5-892E-9146FF8B0948} = {5307589D-87A1-459B-BBD2-1077AA25EB1E}
		{5307589D-87A1-459B-BBD2-1077AA25EB1E} = {454655D7-6244-47A2-A379-3D019FBD6DD2}
		{139F6FAA-EF59-4ADC-A69B-33CA7D1C1D4E} = {454655D7-6244-47A2-A379-3D019FBD6DD2}
		{7809CB42-8FED-4BB7-8C68-7638357B94A6} = {139F6FAA-EF59-4ADC-A69B-33CA7D1C1D4E}
		{50334A1F-990D-45FA-A1FE-C92F1994D97B} = {D29A2153-C171-457E-A147-720976BA430F}
		{26806DBB-41ED-4687-9E45-3CF3A535CCAA} = {454655D7-6244-47A2-A379-3D019FBD6DD2}
		{99CFFC5A-7B3F-4621-8379-7CA8E2EAC277} = {5307589D-87A1-459B-BBD2-1077AA25EB1E}
		{BF625690-2A9F-4505-9915-C18EF0AF4E23} = {5307589D-87A1-459B-BBD2-1077AA25EB1E}
		{6CFE7D73-33F7-41CB-9EBF-60A71E24F117} = {5307589D-87A1-459B-BBD2-1077AA25EB1E}
		{5CB299C7-CB61-4D91-92FB-89045566B9F2} = {5307589D-87A1-459B-BBD2-1077AA25EB1E}
		{1079EA26-C741-48EC-B2A0-8CB0DB0EBB70} = {139F6FAA-EF59-4ADC-A69B-33CA7D1C1D4E}
		{DB52C40B-D696-4F0B-9D04-81296048BB01} = {139F6FAA-EF59-4ADC-A69B-33CA7D1C1D4E}
		{B8370600-681B-4FCB-84E1-7B32866F0BC1} = {139F6FAA-EF59-4ADC-A69B-33CA7D1C1D4E}
		{1DFA57E9-1F1A-4A58-9F09-1E093BEF348B} = {139F6FAA-EF59-4ADC-A69B-33CA7D1C1D4E}
		{7A17505F-DBE7-46D8-9951-A4D7E103CB5A} = {139F6FAA-EF59-4ADC-A69B-33CA7D1C1D4E}
	EndGlobalSection
	GlobalSection(ExtensibilityGlobals) = postSolution
		SolutionGuid = {27D12E10-E38E-4ECE-8DD1-77E8C387B2DD}
	EndGlobalSection
EndGlobal
